// !$*UTF8*$!
{
	archiveVersion = 1;
	classes = {
	};
	objectVersion = 55;
	objects = {

/* Begin PBXBuildFile section */
		3D1A85D5278C769200027E55 /* FilterView.swift in Sources */ = {isa = PBXBuildFile; fileRef = 3D1A85D4278C769200027E55 /* FilterView.swift */; };
		3D204D81278DD304005635DE /* BlogListView.swift in Sources */ = {isa = PBXBuildFile; fileRef = 3D204D80278DD304005635DE /* BlogListView.swift */; };
		3D204D83278DD313005635DE /* BlogListCell.swift in Sources */ = {isa = PBXBuildFile; fileRef = 3D204D82278DD313005635DE /* BlogListCell.swift */; };
		3D204D87278DD38A005635DE /* BlogListCellData.swift in Sources */ = {isa = PBXBuildFile; fileRef = 3D204D86278DD38A005635DE /* BlogListCellData.swift */; };
		3D204D8A278F0F68005635DE /* Constant.swift in Sources */ = {isa = PBXBuildFile; fileRef = 3D204D89278F0F68005635DE /* Constant.swift */; };
		3D204D8C2790653B005635DE /* AlertActionConvertible.swift in Sources */ = {isa = PBXBuildFile; fileRef = 3D204D8B2790653B005635DE /* AlertActionConvertible.swift */; };
		3D380EA02789C599001EFD1C /* AppDelegate.swift in Sources */ = {isa = PBXBuildFile; fileRef = 3D380E9F2789C599001EFD1C /* AppDelegate.swift */; };
		3D380EA22789C599001EFD1C /* SceneDelegate.swift in Sources */ = {isa = PBXBuildFile; fileRef = 3D380EA12789C599001EFD1C /* SceneDelegate.swift */; };
		3D380EA92789C59C001EFD1C /* Assets.xcassets in Resources */ = {isa = PBXBuildFile; fileRef = 3D380EA82789C59C001EFD1C /* Assets.xcassets */; };
		3D380EAC2789C59C001EFD1C /* LaunchScreen.storyboard in Resources */ = {isa = PBXBuildFile; fileRef = 3D380EAA2789C59C001EFD1C /* LaunchScreen.storyboard */; };
		3D380EB72789C59C001EFD1C /* LikeBlogTests.swift in Sources */ = {isa = PBXBuildFile; fileRef = 3D380EB62789C59C001EFD1C /* LikeBlogTests.swift */; };
		3D380EC12789C59C001EFD1C /* LikeBlogUITests.swift in Sources */ = {isa = PBXBuildFile; fileRef = 3D380EC02789C59C001EFD1C /* LikeBlogUITests.swift */; };
		3D380EC32789C59C001EFD1C /* LikeBlogUITestsLaunchTests.swift in Sources */ = {isa = PBXBuildFile; fileRef = 3D380EC22789C59C001EFD1C /* LikeBlogUITestsLaunchTests.swift */; };
		3DCA2984278C00980030DD26 /* RxCocoa in Frameworks */ = {isa = PBXBuildFile; productRef = 3DCA2983278C00980030DD26 /* RxCocoa */; };
		3DCA2986278C00980030DD26 /* RxRelay in Frameworks */ = {isa = PBXBuildFile; productRef = 3DCA2985278C00980030DD26 /* RxRelay */; };
		3DCA2988278C00980030DD26 /* RxSwift in Frameworks */ = {isa = PBXBuildFile; productRef = 3DCA2987278C00980030DD26 /* RxSwift */; };
		3DCA298B278C01380030DD26 /* Kingfisher in Frameworks */ = {isa = PBXBuildFile; productRef = 3DCA298A278C01380030DD26 /* Kingfisher */; };
		3DCA298E278C01800030DD26 /* SnapKit in Frameworks */ = {isa = PBXBuildFile; productRef = 3DCA298D278C01800030DD26 /* SnapKit */; };
		3DCA2990278C02620030DD26 /* MainViewController.swift in Sources */ = {isa = PBXBuildFile; fileRef = 3DCA298F278C02620030DD26 /* MainViewController.swift */; };
		3DCA2992278C03F10030DD26 /* SearchBar.swift in Sources */ = {isa = PBXBuildFile; fileRef = 3DCA2991278C03F10030DD26 /* SearchBar.swift */; };
/* End PBXBuildFile section */

/* Begin PBXContainerItemProxy section */
		3D380EB32789C59C001EFD1C /* PBXContainerItemProxy */ = {
			isa = PBXContainerItemProxy;
			containerPortal = 3D380E942789C599001EFD1C /* Project object */;
			proxyType = 1;
			remoteGlobalIDString = 3D380E9B2789C599001EFD1C;
			remoteInfo = LikeBlog;
		};
		3D380EBD2789C59C001EFD1C /* PBXContainerItemProxy */ = {
			isa = PBXContainerItemProxy;
			containerPortal = 3D380E942789C599001EFD1C /* Project object */;
			proxyType = 1;
			remoteGlobalIDString = 3D380E9B2789C599001EFD1C;
			remoteInfo = LikeBlog;
		};
/* End PBXContainerItemProxy section */

/* Begin PBXFileReference section */
		3D1A85D4278C769200027E55 /* FilterView.swift */ = {isa = PBXFileReference; lastKnownFileType = sourcecode.swift; path = FilterView.swift; sourceTree = "<group>"; };
		3D204D80278DD304005635DE /* BlogListView.swift */ = {isa = PBXFileReference; lastKnownFileType = sourcecode.swift; path = BlogListView.swift; sourceTree = "<group>"; };
		3D204D82278DD313005635DE /* BlogListCell.swift */ = {isa = PBXFileReference; lastKnownFileType = sourcecode.swift; path = BlogListCell.swift; sourceTree = "<group>"; };
		3D204D86278DD38A005635DE /* BlogListCellData.swift */ = {isa = PBXFileReference; lastKnownFileType = sourcecode.swift; path = BlogListCellData.swift; sourceTree = "<group>"; };
		3D204D89278F0F68005635DE /* Constant.swift */ = {isa = PBXFileReference; lastKnownFileType = sourcecode.swift; path = Constant.swift; sourceTree = "<group>"; };
		3D204D8B2790653B005635DE /* AlertActionConvertible.swift */ = {isa = PBXFileReference; lastKnownFileType = sourcecode.swift; path = AlertActionConvertible.swift; sourceTree = "<group>"; };
		3D380E9C2789C599001EFD1C /* LikeBlog.app */ = {isa = PBXFileReference; explicitFileType = wrapper.application; includeInIndex = 0; path = LikeBlog.app; sourceTree = BUILT_PRODUCTS_DIR; };
		3D380E9F2789C599001EFD1C /* AppDelegate.swift */ = {isa = PBXFileReference; lastKnownFileType = sourcecode.swift; path = AppDelegate.swift; sourceTree = "<group>"; };
		3D380EA12789C599001EFD1C /* SceneDelegate.swift */ = {isa = PBXFileReference; lastKnownFileType = sourcecode.swift; path = SceneDelegate.swift; sourceTree = "<group>"; };
		3D380EA82789C59C001EFD1C /* Assets.xcassets */ = {isa = PBXFileReference; lastKnownFileType = folder.assetcatalog; path = Assets.xcassets; sourceTree = "<group>"; };
		3D380EAB2789C59C001EFD1C /* Base */ = {isa = PBXFileReference; lastKnownFileType = file.storyboard; name = Base; path = Base.lproj/LaunchScreen.storyboard; sourceTree = "<group>"; };
		3D380EAD2789C59C001EFD1C /* Info.plist */ = {isa = PBXFileReference; lastKnownFileType = text.plist.xml; path = Info.plist; sourceTree = "<group>"; };
		3D380EB22789C59C001EFD1C /* LikeBlogTests.xctest */ = {isa = PBXFileReference; explicitFileType = wrapper.cfbundle; includeInIndex = 0; path = LikeBlogTests.xctest; sourceTree = BUILT_PRODUCTS_DIR; };
		3D380EB62789C59C001EFD1C /* LikeBlogTests.swift */ = {isa = PBXFileReference; lastKnownFileType = sourcecode.swift; path = LikeBlogTests.swift; sourceTree = "<group>"; };
		3D380EBC2789C59C001EFD1C /* LikeBlogUITests.xctest */ = {isa = PBXFileReference; explicitFileType = wrapper.cfbundle; includeInIndex = 0; path = LikeBlogUITests.xctest; sourceTree = BUILT_PRODUCTS_DIR; };
		3D380EC02789C59C001EFD1C /* LikeBlogUITests.swift */ = {isa = PBXFileReference; lastKnownFileType = sourcecode.swift; path = LikeBlogUITests.swift; sourceTree = "<group>"; };
		3D380EC22789C59C001EFD1C /* LikeBlogUITestsLaunchTests.swift */ = {isa = PBXFileReference; lastKnownFileType = sourcecode.swift; path = LikeBlogUITestsLaunchTests.swift; sourceTree = "<group>"; };
		3DCA298F278C02620030DD26 /* MainViewController.swift */ = {isa = PBXFileReference; lastKnownFileType = sourcecode.swift; path = MainViewController.swift; sourceTree = "<group>"; };
		3DCA2991278C03F10030DD26 /* SearchBar.swift */ = {isa = PBXFileReference; lastKnownFileType = sourcecode.swift; path = SearchBar.swift; sourceTree = "<group>"; };
/* End PBXFileReference section */

/* Begin PBXFrameworksBuildPhase section */
		3D380E992789C599001EFD1C /* Frameworks */ = {
			isa = PBXFrameworksBuildPhase;
			buildActionMask = 2147483647;
			files = (
				3DCA298B278C01380030DD26 /* Kingfisher in Frameworks */,
				3DCA2988278C00980030DD26 /* RxSwift in Frameworks */,
				3DCA2986278C00980030DD26 /* RxRelay in Frameworks */,
				3DCA2984278C00980030DD26 /* RxCocoa in Frameworks */,
				3DCA298E278C01800030DD26 /* SnapKit in Frameworks */,
			);
			runOnlyForDeploymentPostprocessing = 0;
		};
		3D380EAF2789C59C001EFD1C /* Frameworks */ = {
			isa = PBXFrameworksBuildPhase;
			buildActionMask = 2147483647;
			files = (
			);
			runOnlyForDeploymentPostprocessing = 0;
		};
		3D380EB92789C59C001EFD1C /* Frameworks */ = {
			isa = PBXFrameworksBuildPhase;
			buildActionMask = 2147483647;
			files = (
			);
			runOnlyForDeploymentPostprocessing = 0;
		};
/* End PBXFrameworksBuildPhase section */

/* Begin PBXGroup section */
		3D204D84278DD34E005635DE /* View */ = {
			isa = PBXGroup;
			children = (
				3DCA298F278C02620030DD26 /* MainViewController.swift */,
				3DCA2991278C03F10030DD26 /* SearchBar.swift */,
				3D1A85D4278C769200027E55 /* FilterView.swift */,
				3D204D80278DD304005635DE /* BlogListView.swift */,
				3D204D82278DD313005635DE /* BlogListCell.swift */,
			);
			path = View;
			sourceTree = "<group>";
		};
		3D204D85278DD373005635DE /* Entity */ = {
			isa = PBXGroup;
			children = (
				3D204D86278DD38A005635DE /* BlogListCellData.swift */,
				3D204D8B2790653B005635DE /* AlertActionConvertible.swift */,
			);
			path = Entity;
			sourceTree = "<group>";
		};
		3D204D88278F0F58005635DE /* Configuration */ = {
			isa = PBXGroup;
			children = (
				3D204D89278F0F68005635DE /* Constant.swift */,
			);
			path = Configuration;
			sourceTree = "<group>";
		};
		3D380E932789C599001EFD1C = {
			isa = PBXGroup;
			children = (
				3D380E9E2789C599001EFD1C /* LikeBlog */,
				3D380EB52789C59C001EFD1C /* LikeBlogTests */,
				3D380EBF2789C59C001EFD1C /* LikeBlogUITests */,
				3D380E9D2789C599001EFD1C /* Products */,
			);
			sourceTree = "<group>";
		};
		3D380E9D2789C599001EFD1C /* Products */ = {
			isa = PBXGroup;
			children = (
				3D380E9C2789C599001EFD1C /* LikeBlog.app */,
				3D380EB22789C59C001EFD1C /* LikeBlogTests.xctest */,
				3D380EBC2789C59C001EFD1C /* LikeBlogUITests.xctest */,
			);
			name = Products;
			sourceTree = "<group>";
		};
		3D380E9E2789C599001EFD1C /* LikeBlog */ = {
			isa = PBXGroup;
			children = (
				3D204D88278F0F58005635DE /* Configuration */,
				3D380E9F2789C599001EFD1C /* AppDelegate.swift */,
				3D380EA12789C599001EFD1C /* SceneDelegate.swift */,
				3D380EA82789C59C001EFD1C /* Assets.xcassets */,
				3D380EAA2789C59C001EFD1C /* LaunchScreen.storyboard */,
				3D380EAD2789C59C001EFD1C /* Info.plist */,
				3D204D84278DD34E005635DE /* View */,
				3D204D85278DD373005635DE /* Entity */,
			);
			path = LikeBlog;
			sourceTree = "<group>";
		};
		3D380EB52789C59C001EFD1C /* LikeBlogTests */ = {
			isa = PBXGroup;
			children = (
				3D380EB62789C59C001EFD1C /* LikeBlogTests.swift */,
			);
			path = LikeBlogTests;
			sourceTree = "<group>";
		};
		3D380EBF2789C59C001EFD1C /* LikeBlogUITests */ = {
			isa = PBXGroup;
			children = (
				3D380EC02789C59C001EFD1C /* LikeBlogUITests.swift */,
				3D380EC22789C59C001EFD1C /* LikeBlogUITestsLaunchTests.swift */,
			);
			path = LikeBlogUITests;
			sourceTree = "<group>";
		};
/* End PBXGroup section */

/* Begin PBXNativeTarget section */
		3D380E9B2789C599001EFD1C /* LikeBlog */ = {
			isa = PBXNativeTarget;
			buildConfigurationList = 3D380EC62789C59C001EFD1C /* Build configuration list for PBXNativeTarget "LikeBlog" */;
			buildPhases = (
				3D380E982789C599001EFD1C /* Sources */,
				3D380E992789C599001EFD1C /* Frameworks */,
				3D380E9A2789C599001EFD1C /* Resources */,
			);
			buildRules = (
			);
			dependencies = (
			);
			name = LikeBlog;
			packageProductDependencies = (
				3DCA2983278C00980030DD26 /* RxCocoa */,
				3DCA2985278C00980030DD26 /* RxRelay */,
				3DCA2987278C00980030DD26 /* RxSwift */,
				3DCA298A278C01380030DD26 /* Kingfisher */,
				3DCA298D278C01800030DD26 /* SnapKit */,
			);
			productName = LikeBlog;
			productReference = 3D380E9C2789C599001EFD1C /* LikeBlog.app */;
			productType = "com.apple.product-type.application";
		};
		3D380EB12789C59C001EFD1C /* LikeBlogTests */ = {
			isa = PBXNativeTarget;
			buildConfigurationList = 3D380EC92789C59C001EFD1C /* Build configuration list for PBXNativeTarget "LikeBlogTests" */;
			buildPhases = (
				3D380EAE2789C59C001EFD1C /* Sources */,
				3D380EAF2789C59C001EFD1C /* Frameworks */,
				3D380EB02789C59C001EFD1C /* Resources */,
			);
			buildRules = (
			);
			dependencies = (
				3D380EB42789C59C001EFD1C /* PBXTargetDependency */,
			);
			name = LikeBlogTests;
			productName = LikeBlogTests;
			productReference = 3D380EB22789C59C001EFD1C /* LikeBlogTests.xctest */;
			productType = "com.apple.product-type.bundle.unit-test";
		};
		3D380EBB2789C59C001EFD1C /* LikeBlogUITests */ = {
			isa = PBXNativeTarget;
			buildConfigurationList = 3D380ECC2789C59C001EFD1C /* Build configuration list for PBXNativeTarget "LikeBlogUITests" */;
			buildPhases = (
				3D380EB82789C59C001EFD1C /* Sources */,
				3D380EB92789C59C001EFD1C /* Frameworks */,
				3D380EBA2789C59C001EFD1C /* Resources */,
			);
			buildRules = (
			);
			dependencies = (
				3D380EBE2789C59C001EFD1C /* PBXTargetDependency */,
			);
			name = LikeBlogUITests;
			productName = LikeBlogUITests;
			productReference = 3D380EBC2789C59C001EFD1C /* LikeBlogUITests.xctest */;
			productType = "com.apple.product-type.bundle.ui-testing";
		};
/* End PBXNativeTarget section */

/* Begin PBXProject section */
		3D380E942789C599001EFD1C /* Project object */ = {
			isa = PBXProject;
			attributes = {
				BuildIndependentTargetsInParallel = 1;
				LastSwiftUpdateCheck = 1310;
				LastUpgradeCheck = 1310;
				TargetAttributes = {
					3D380E9B2789C599001EFD1C = {
						CreatedOnToolsVersion = 13.1;
					};
					3D380EB12789C59C001EFD1C = {
						CreatedOnToolsVersion = 13.1;
						TestTargetID = 3D380E9B2789C599001EFD1C;
					};
					3D380EBB2789C59C001EFD1C = {
						CreatedOnToolsVersion = 13.1;
						TestTargetID = 3D380E9B2789C599001EFD1C;
					};
				};
			};
			buildConfigurationList = 3D380E972789C599001EFD1C /* Build configuration list for PBXProject "LikeBlog" */;
			compatibilityVersion = "Xcode 13.0";
			developmentRegion = en;
			hasScannedForEncodings = 0;
			knownRegions = (
				en,
				Base,
			);
			mainGroup = 3D380E932789C599001EFD1C;
			packageReferences = (
				3DCA2982278C00980030DD26 /* XCRemoteSwiftPackageReference "RxSwift" */,
				3DCA2989278C01380030DD26 /* XCRemoteSwiftPackageReference "Kingfisher" */,
				3DCA298C278C01800030DD26 /* XCRemoteSwiftPackageReference "SnapKit" */,
			);
			productRefGroup = 3D380E9D2789C599001EFD1C /* Products */;
			projectDirPath = "";
			projectRoot = "";
			targets = (
				3D380E9B2789C599001EFD1C /* LikeBlog */,
				3D380EB12789C59C001EFD1C /* LikeBlogTests */,
				3D380EBB2789C59C001EFD1C /* LikeBlogUITests */,
			);
		};
/* End PBXProject section */

/* Begin PBXResourcesBuildPhase section */
		3D380E9A2789C599001EFD1C /* Resources */ = {
			isa = PBXResourcesBuildPhase;
			buildActionMask = 2147483647;
			files = (
				3D380EAC2789C59C001EFD1C /* LaunchScreen.storyboard in Resources */,
				3D380EA92789C59C001EFD1C /* Assets.xcassets in Resources */,
			);
			runOnlyForDeploymentPostprocessing = 0;
		};
		3D380EB02789C59C001EFD1C /* Resources */ = {
			isa = PBXResourcesBuildPhase;
			buildActionMask = 2147483647;
			files = (
			);
			runOnlyForDeploymentPostprocessing = 0;
		};
		3D380EBA2789C59C001EFD1C /* Resources */ = {
			isa = PBXResourcesBuildPhase;
			buildActionMask = 2147483647;
			files = (
			);
			runOnlyForDeploymentPostprocessing = 0;
		};
/* End PBXResourcesBuildPhase section */

/* Begin PBXSourcesBuildPhase section */
		3D380E982789C599001EFD1C /* Sources */ = {
			isa = PBXSourcesBuildPhase;
			buildActionMask = 2147483647;
			files = (
				3DCA2990278C02620030DD26 /* MainViewController.swift in Sources */,
				3D204D83278DD313005635DE /* BlogListCell.swift in Sources */,
				3D204D8C2790653B005635DE /* AlertActionConvertible.swift in Sources */,
				3D204D8A278F0F68005635DE /* Constant.swift in Sources */,
				3D204D81278DD304005635DE /* BlogListView.swift in Sources */,
				3D204D87278DD38A005635DE /* BlogListCellData.swift in Sources */,
				3DCA2992278C03F10030DD26 /* SearchBar.swift in Sources */,
				3D380EA02789C599001EFD1C /* AppDelegate.swift in Sources */,
				3D1A85D5278C769200027E55 /* FilterView.swift in Sources */,
				3D380EA22789C599001EFD1C /* SceneDelegate.swift in Sources */,
			);
			runOnlyForDeploymentPostprocessing = 0;
		};
		3D380EAE2789C59C001EFD1C /* Sources */ = {
			isa = PBXSourcesBuildPhase;
			buildActionMask = 2147483647;
			files = (
				3D380EB72789C59C001EFD1C /* LikeBlogTests.swift in Sources */,
			);
			runOnlyForDeploymentPostprocessing = 0;
		};
		3D380EB82789C59C001EFD1C /* Sources */ = {
			isa = PBXSourcesBuildPhase;
			buildActionMask = 2147483647;
			files = (
				3D380EC32789C59C001EFD1C /* LikeBlogUITestsLaunchTests.swift in Sources */,
				3D380EC12789C59C001EFD1C /* LikeBlogUITests.swift in Sources */,
			);
			runOnlyForDeploymentPostprocessing = 0;
		};
/* End PBXSourcesBuildPhase section */

/* Begin PBXTargetDependency section */
		3D380EB42789C59C001EFD1C /* PBXTargetDependency */ = {
			isa = PBXTargetDependency;
			target = 3D380E9B2789C599001EFD1C /* LikeBlog */;
			targetProxy = 3D380EB32789C59C001EFD1C /* PBXContainerItemProxy */;
		};
		3D380EBE2789C59C001EFD1C /* PBXTargetDependency */ = {
			isa = PBXTargetDependency;
			target = 3D380E9B2789C599001EFD1C /* LikeBlog */;
			targetProxy = 3D380EBD2789C59C001EFD1C /* PBXContainerItemProxy */;
		};
/* End PBXTargetDependency section */

/* Begin PBXVariantGroup section */
		3D380EAA2789C59C001EFD1C /* LaunchScreen.storyboard */ = {
			isa = PBXVariantGroup;
			children = (
				3D380EAB2789C59C001EFD1C /* Base */,
			);
			name = LaunchScreen.storyboard;
			sourceTree = "<group>";
		};
/* End PBXVariantGroup section */

/* Begin XCBuildConfiguration section */
		3D380EC42789C59C001EFD1C /* Debug */ = {
			isa = XCBuildConfiguration;
			buildSettings = {
				ALWAYS_SEARCH_USER_PATHS = NO;
				CLANG_ANALYZER_NONNULL = YES;
				CLANG_ANALYZER_NUMBER_OBJECT_CONVERSION = YES_AGGRESSIVE;
				CLANG_CXX_LANGUAGE_STANDARD = "gnu++17";
				CLANG_CXX_LIBRARY = "libc++";
				CLANG_ENABLE_MODULES = YES;
				CLANG_ENABLE_OBJC_ARC = YES;
				CLANG_ENABLE_OBJC_WEAK = YES;
				CLANG_WARN_BLOCK_CAPTURE_AUTORELEASING = YES;
				CLANG_WARN_BOOL_CONVERSION = YES;
				CLANG_WARN_COMMA = YES;
				CLANG_WARN_CONSTANT_CONVERSION = YES;
				CLANG_WARN_DEPRECATED_OBJC_IMPLEMENTATIONS = YES;
				CLANG_WARN_DIRECT_OBJC_ISA_USAGE = YES_ERROR;
				CLANG_WARN_DOCUMENTATION_COMMENTS = YES;
				CLANG_WARN_EMPTY_BODY = YES;
				CLANG_WARN_ENUM_CONVERSION = YES;
				CLANG_WARN_INFINITE_RECURSION = YES;
				CLANG_WARN_INT_CONVERSION = YES;
				CLANG_WARN_NON_LITERAL_NULL_CONVERSION = YES;
				CLANG_WARN_OBJC_IMPLICIT_RETAIN_SELF = YES;
				CLANG_WARN_OBJC_LITERAL_CONVERSION = YES;
				CLANG_WARN_OBJC_ROOT_CLASS = YES_ERROR;
				CLANG_WARN_QUOTED_INCLUDE_IN_FRAMEWORK_HEADER = YES;
				CLANG_WARN_RANGE_LOOP_ANALYSIS = YES;
				CLANG_WARN_STRICT_PROTOTYPES = YES;
				CLANG_WARN_SUSPICIOUS_MOVE = YES;
				CLANG_WARN_UNGUARDED_AVAILABILITY = YES_AGGRESSIVE;
				CLANG_WARN_UNREACHABLE_CODE = YES;
				CLANG_WARN__DUPLICATE_METHOD_MATCH = YES;
				COPY_PHASE_STRIP = NO;
				DEBUG_INFORMATION_FORMAT = dwarf;
				ENABLE_STRICT_OBJC_MSGSEND = YES;
				ENABLE_TESTABILITY = YES;
				GCC_C_LANGUAGE_STANDARD = gnu11;
				GCC_DYNAMIC_NO_PIC = NO;
				GCC_NO_COMMON_BLOCKS = YES;
				GCC_OPTIMIZATION_LEVEL = 0;
				GCC_PREPROCESSOR_DEFINITIONS = (
					"DEBUG=1",
					"$(inherited)",
				);
				GCC_WARN_64_TO_32_BIT_CONVERSION = YES;
				GCC_WARN_ABOUT_RETURN_TYPE = YES_ERROR;
				GCC_WARN_UNDECLARED_SELECTOR = YES;
				GCC_WARN_UNINITIALIZED_AUTOS = YES_AGGRESSIVE;
				GCC_WARN_UNUSED_FUNCTION = YES;
				GCC_WARN_UNUSED_VARIABLE = YES;
				IPHONEOS_DEPLOYMENT_TARGET = 15.0;
				MTL_ENABLE_DEBUG_INFO = INCLUDE_SOURCE;
				MTL_FAST_MATH = YES;
				ONLY_ACTIVE_ARCH = YES;
				SDKROOT = iphoneos;
				SWIFT_ACTIVE_COMPILATION_CONDITIONS = DEBUG;
				SWIFT_OPTIMIZATION_LEVEL = "-Onone";
			};
			name = Debug;
		};
		3D380EC52789C59C001EFD1C /* Release */ = {
			isa = XCBuildConfiguration;
			buildSettings = {
				ALWAYS_SEARCH_USER_PATHS = NO;
				CLANG_ANALYZER_NONNULL = YES;
				CLANG_ANALYZER_NUMBER_OBJECT_CONVERSION = YES_AGGRESSIVE;
				CLANG_CXX_LANGUAGE_STANDARD = "gnu++17";
				CLANG_CXX_LIBRARY = "libc++";
				CLANG_ENABLE_MODULES = YES;
				CLANG_ENABLE_OBJC_ARC = YES;
				CLANG_ENABLE_OBJC_WEAK = YES;
				CLANG_WARN_BLOCK_CAPTURE_AUTORELEASING = YES;
				CLANG_WARN_BOOL_CONVERSION = YES;
				CLANG_WARN_COMMA = YES;
				CLANG_WARN_CONSTANT_CONVERSION = YES;
				CLANG_WARN_DEPRECATED_OBJC_IMPLEMENTATIONS = YES;
				CLANG_WARN_DIRECT_OBJC_ISA_USAGE = YES_ERROR;
				CLANG_WARN_DOCUMENTATION_COMMENTS = YES;
				CLANG_WARN_EMPTY_BODY = YES;
				CLANG_WARN_ENUM_CONVERSION = YES;
				CLANG_WARN_INFINITE_RECURSION = YES;
				CLANG_WARN_INT_CONVERSION = YES;
				CLANG_WARN_NON_LITERAL_NULL_CONVERSION = YES;
				CLANG_WARN_OBJC_IMPLICIT_RETAIN_SELF = YES;
				CLANG_WARN_OBJC_LITERAL_CONVERSION = YES;
				CLANG_WARN_OBJC_ROOT_CLASS = YES_ERROR;
				CLANG_WARN_QUOTED_INCLUDE_IN_FRAMEWORK_HEADER = YES;
				CLANG_WARN_RANGE_LOOP_ANALYSIS = YES;
				CLANG_WARN_STRICT_PROTOTYPES = YES;
				CLANG_WARN_SUSPICIOUS_MOVE = YES;
				CLANG_WARN_UNGUARDED_AVAILABILITY = YES_AGGRESSIVE;
				CLANG_WARN_UNREACHABLE_CODE = YES;
				CLANG_WARN__DUPLICATE_METHOD_MATCH = YES;
				COPY_PHASE_STRIP = NO;
				DEBUG_INFORMATION_FORMAT = "dwarf-with-dsym";
				ENABLE_NS_ASSERTIONS = NO;
				ENABLE_STRICT_OBJC_MSGSEND = YES;
				GCC_C_LANGUAGE_STANDARD = gnu11;
				GCC_NO_COMMON_BLOCKS = YES;
				GCC_WARN_64_TO_32_BIT_CONVERSION = YES;
				GCC_WARN_ABOUT_RETURN_TYPE = YES_ERROR;
				GCC_WARN_UNDECLARED_SELECTOR = YES;
				GCC_WARN_UNINITIALIZED_AUTOS = YES_AGGRESSIVE;
				GCC_WARN_UNUSED_FUNCTION = YES;
				GCC_WARN_UNUSED_VARIABLE = YES;
				IPHONEOS_DEPLOYMENT_TARGET = 15.0;
				MTL_ENABLE_DEBUG_INFO = NO;
				MTL_FAST_MATH = YES;
				SDKROOT = iphoneos;
				SWIFT_COMPILATION_MODE = wholemodule;
				SWIFT_OPTIMIZATION_LEVEL = "-O";
				VALIDATE_PRODUCT = YES;
			};
			name = Release;
		};
		3D380EC72789C59C001EFD1C /* Debug */ = {
			isa = XCBuildConfiguration;
			buildSettings = {
				ASSETCATALOG_COMPILER_APPICON_NAME = AppIcon;
				ASSETCATALOG_COMPILER_GLOBAL_ACCENT_COLOR_NAME = AccentColor;
				CODE_SIGN_STYLE = Automatic;
				CURRENT_PROJECT_VERSION = 1;
				DEVELOPMENT_TEAM = GLQQLN3R4U;
				GENERATE_INFOPLIST_FILE = YES;
				INFOPLIST_FILE = LikeBlog/Info.plist;
				INFOPLIST_KEY_UIApplicationSupportsIndirectInputEvents = YES;
				INFOPLIST_KEY_UILaunchStoryboardName = LaunchScreen;
				INFOPLIST_KEY_UIMainStoryboardFile = Main;
				INFOPLIST_KEY_UISupportedInterfaceOrientations_iPad = "UIInterfaceOrientationPortrait UIInterfaceOrientationPortraitUpsideDown UIInterfaceOrientationLandscapeLeft UIInterfaceOrientationLandscapeRight";
				INFOPLIST_KEY_UISupportedInterfaceOrientations_iPhone = "UIInterfaceOrientationPortrait UIInterfaceOrientationLandscapeLeft UIInterfaceOrientationLandscapeRight";
				LD_RUNPATH_SEARCH_PATHS = (
					"$(inherited)",
					"@executable_path/Frameworks",
				);
				MARKETING_VERSION = 1.0;
				PRODUCT_BUNDLE_IDENTIFIER = "com.miori.dev-ios-mvvm.LikeBlog";
				PRODUCT_NAME = "$(TARGET_NAME)";
				SWIFT_EMIT_LOC_STRINGS = YES;
				SWIFT_VERSION = 5.0;
				TARGETED_DEVICE_FAMILY = "1,2";
			};
			name = Debug;
		};
		3D380EC82789C59C001EFD1C /* Release */ = {
			isa = XCBuildConfiguration;
			buildSettings = {
				ASSETCATALOG_COMPILER_APPICON_NAME = AppIcon;
				ASSETCATALOG_COMPILER_GLOBAL_ACCENT_COLOR_NAME = AccentColor;
				CODE_SIGN_STYLE = Automatic;
				CURRENT_PROJECT_VERSION = 1;
				DEVELOPMENT_TEAM = GLQQLN3R4U;
				GENERATE_INFOPLIST_FILE = YES;
				INFOPLIST_FILE = LikeBlog/Info.plist;
				INFOPLIST_KEY_UIApplicationSupportsIndirectInputEvents = YES;
				INFOPLIST_KEY_UILaunchStoryboardName = LaunchScreen;
				INFOPLIST_KEY_UIMainStoryboardFile = Main;
				INFOPLIST_KEY_UISupportedInterfaceOrientations_iPad = "UIInterfaceOrientationPortrait UIInterfaceOrientationPortraitUpsideDown UIInterfaceOrientationLandscapeLeft UIInterfaceOrientationLandscapeRight";
				INFOPLIST_KEY_UISupportedInterfaceOrientations_iPhone = "UIInterfaceOrientationPortrait UIInterfaceOrientationLandscapeLeft UIInterfaceOrientationLandscapeRight";
				LD_RUNPATH_SEARCH_PATHS = (
					"$(inherited)",
					"@executable_path/Frameworks",
				);
				MARKETING_VERSION = 1.0;
				PRODUCT_BUNDLE_IDENTIFIER = "com.miori.dev-ios-mvvm.LikeBlog";
				PRODUCT_NAME = "$(TARGET_NAME)";
				SWIFT_EMIT_LOC_STRINGS = YES;
				SWIFT_VERSION = 5.0;
				TARGETED_DEVICE_FAMILY = "1,2";
			};
			name = Release;
		};
		3D380ECA2789C59C001EFD1C /* Debug */ = {
			isa = XCBuildConfiguration;
			buildSettings = {
				ALWAYS_EMBED_SWIFT_STANDARD_LIBRARIES = YES;
				BUNDLE_LOADER = "$(TEST_HOST)";
				CODE_SIGN_STYLE = Automatic;
				CURRENT_PROJECT_VERSION = 1;
				DEVELOPMENT_TEAM = GLQQLN3R4U;
				GENERATE_INFOPLIST_FILE = YES;
				IPHONEOS_DEPLOYMENT_TARGET = 15.0;
				LD_RUNPATH_SEARCH_PATHS = (
					"$(inherited)",
					"@executable_path/Frameworks",
					"@loader_path/Frameworks",
				);
				MARKETING_VERSION = 1.0;
				PRODUCT_BUNDLE_IDENTIFIER = "com.miori.dev-ios-mvvm.LikeBlogTests";
				PRODUCT_NAME = "$(TARGET_NAME)";
				SWIFT_EMIT_LOC_STRINGS = NO;
				SWIFT_VERSION = 5.0;
				TARGETED_DEVICE_FAMILY = "1,2";
				TEST_HOST = "$(BUILT_PRODUCTS_DIR)/LikeBlog.app/LikeBlog";
			};
			name = Debug;
		};
		3D380ECB2789C59C001EFD1C /* Release */ = {
			isa = XCBuildConfiguration;
			buildSettings = {
				ALWAYS_EMBED_SWIFT_STANDARD_LIBRARIES = YES;
				BUNDLE_LOADER = "$(TEST_HOST)";
				CODE_SIGN_STYLE = Automatic;
				CURRENT_PROJECT_VERSION = 1;
				DEVELOPMENT_TEAM = GLQQLN3R4U;
				GENERATE_INFOPLIST_FILE = YES;
				IPHONEOS_DEPLOYMENT_TARGET = 15.0;
				LD_RUNPATH_SEARCH_PATHS = (
					"$(inherited)",
					"@executable_path/Frameworks",
					"@loader_path/Frameworks",
				);
				MARKETING_VERSION = 1.0;
				PRODUCT_BUNDLE_IDENTIFIER = "com.miori.dev-ios-mvvm.LikeBlogTests";
				PRODUCT_NAME = "$(TARGET_NAME)";
				SWIFT_EMIT_LOC_STRINGS = NO;
				SWIFT_VERSION = 5.0;
				TARGETED_DEVICE_FAMILY = "1,2";
				TEST_HOST = "$(BUILT_PRODUCTS_DIR)/LikeBlog.app/LikeBlog";
			};
			name = Release;
		};
		3D380ECD2789C59C001EFD1C /* Debug */ = {
			isa = XCBuildConfiguration;
			buildSettings = {
				ALWAYS_EMBED_SWIFT_STANDARD_LIBRARIES = YES;
				CODE_SIGN_STYLE = Automatic;
				CURRENT_PROJECT_VERSION = 1;
				DEVELOPMENT_TEAM = GLQQLN3R4U;
				GENERATE_INFOPLIST_FILE = YES;
				LD_RUNPATH_SEARCH_PATHS = (
					"$(inherited)",
					"@executable_path/Frameworks",
					"@loader_path/Frameworks",
				);
				MARKETING_VERSION = 1.0;
				PRODUCT_BUNDLE_IDENTIFIER = "com.miori.dev-ios-mvvm.LikeBlogUITests";
				PRODUCT_NAME = "$(TARGET_NAME)";
				SWIFT_EMIT_LOC_STRINGS = NO;
				SWIFT_VERSION = 5.0;
				TARGETED_DEVICE_FAMILY = "1,2";
				TEST_TARGET_NAME = LikeBlog;
			};
			name = Debug;
		};
		3D380ECE2789C59C001EFD1C /* Release */ = {
			isa = XCBuildConfiguration;
			buildSettings = {
				ALWAYS_EMBED_SWIFT_STANDARD_LIBRARIES = YES;
				CODE_SIGN_STYLE = Automatic;
				CURRENT_PROJECT_VERSION = 1;
				DEVELOPMENT_TEAM = GLQQLN3R4U;
				GENERATE_INFOPLIST_FILE = YES;
				LD_RUNPATH_SEARCH_PATHS = (
					"$(inherited)",
					"@executable_path/Frameworks",
					"@loader_path/Frameworks",
				);
				MARKETING_VERSION = 1.0;
				PRODUCT_BUNDLE_IDENTIFIER = "com.miori.dev-ios-mvvm.LikeBlogUITests";
				PRODUCT_NAME = "$(TARGET_NAME)";
				SWIFT_EMIT_LOC_STRINGS = NO;
				SWIFT_VERSION = 5.0;
				TARGETED_DEVICE_FAMILY = "1,2";
				TEST_TARGET_NAME = LikeBlog;
			};
			name = Release;
		};
/* End XCBuildConfiguration section */

/* Begin XCConfigurationList section */
		3D380E972789C599001EFD1C /* Build configuration list for PBXProject "LikeBlog" */ = {
			isa = XCConfigurationList;
			buildConfigurations = (
				3D380EC42789C59C001EFD1C /* Debug */,
				3D380EC52789C59C001EFD1C /* Release */,
			);
			defaultConfigurationIsVisible = 0;
			defaultConfigurationName = Release;
		};
		3D380EC62789C59C001EFD1C /* Build configuration list for PBXNativeTarget "LikeBlog" */ = {
			isa = XCConfigurationList;
			buildConfigurations = (
				3D380EC72789C59C001EFD1C /* Debug */,
				3D380EC82789C59C001EFD1C /* Release */,
			);
			defaultConfigurationIsVisible = 0;
			defaultConfigurationName = Release;
		};
		3D380EC92789C59C001EFD1C /* Build configuration list for PBXNativeTarget "LikeBlogTests" */ = {
			isa = XCConfigurationList;
			buildConfigurations = (
				3D380ECA2789C59C001EFD1C /* Debug */,
				3D380ECB2789C59C001EFD1C /* Release */,
			);
			defaultConfigurationIsVisible = 0;
			defaultConfigurationName = Release;
		};
		3D380ECC2789C59C001EFD1C /* Build configuration list for PBXNativeTarget "LikeBlogUITests" */ = {
			isa = XCConfigurationList;
			buildConfigurations = (
				3D380ECD2789C59C001EFD1C /* Debug */,
				3D380ECE2789C59C001EFD1C /* Release */,
			);
			defaultConfigurationIsVisible = 0;
			defaultConfigurationName = Release;
		};
/* End XCConfigurationList section */

/* Begin XCRemoteSwiftPackageReference section */
		3DCA2982278C00980030DD26 /* XCRemoteSwiftPackageReference "RxSwift" */ = {
			isa = XCRemoteSwiftPackageReference;
			repositoryURL = "https://github.com/ReactiveX/RxSwift.git";
			requirement = {
				kind = upToNextMajorVersion;
				minimumVersion = 6.0.0;
			};
		};
		3DCA2989278C01380030DD26 /* XCRemoteSwiftPackageReference "Kingfisher" */ = {
			isa = XCRemoteSwiftPackageReference;
			repositoryURL = "https://github.com/onevcat/Kingfisher.git";
			requirement = {
				kind = upToNextMajorVersion;
				minimumVersion = 7.0.0;
			};
		};
		3DCA298C278C01800030DD26 /* XCRemoteSwiftPackageReference "SnapKit" */ = {
			isa = XCRemoteSwiftPackageReference;
			repositoryURL = "https://github.com/SnapKit/SnapKit.git";
			requirement = {
				kind = upToNextMajorVersion;
				minimumVersion = 5.0.1;
			};
		};
/* End XCRemoteSwiftPackageReference section */

/* Begin XCSwiftPackageProductDependency section */
		3DCA2983278C00980030DD26 /* RxCocoa */ = {
			isa = XCSwiftPackageProductDependency;
			package = 3DCA2982278C00980030DD26 /* XCRemoteSwiftPackageReference "RxSwift" */;
			productName = RxCocoa;
		};
		3DCA2985278C00980030DD26 /* RxRelay */ = {
			isa = XCSwiftPackageProductDependency;
			package = 3DCA2982278C00980030DD26 /* XCRemoteSwiftPackageReference "RxSwift" */;
			productName = RxRelay;
		};
		3DCA2987278C00980030DD26 /* RxSwift */ = {
			isa = XCSwiftPackageProductDependency;
			package = 3DCA2982278C00980030DD26 /* XCRemoteSwiftPackageReference "RxSwift" */;
			productName = RxSwift;
		};
		3DCA298A278C01380030DD26 /* Kingfisher */ = {
			isa = XCSwiftPackageProductDependency;
			package = 3DCA2989278C01380030DD26 /* XCRemoteSwiftPackageReference "Kingfisher" */;
			productName = Kingfisher;
		};
		3DCA298D278C01800030DD26 /* SnapKit */ = {
			isa = XCSwiftPackageProductDependency;
			package = 3DCA298C278C01800030DD26 /* XCRemoteSwiftPackageReference "SnapKit" */;
			productName = SnapKit;
		};
/* End XCSwiftPackageProductDependency section */
	};
	rootObject = 3D380E942789C599001EFD1C /* Project object */;
}
