// !$*UTF8*$!
{
	archiveVersion = 1;
	classes = {
	};
	objectVersion = 55;
	objects = {

/* Begin PBXBuildFile section */
		3D141BB227A6BB73003A13D9 /* DetailListTableViewCell.swift in Sources */ = {isa = PBXBuildFile; fileRef = 3D141BB127A6BB73003A13D9 /* DetailListTableViewCell.swift */; };
		3D141BB427A6C168003A13D9 /* DetailListBackgroundViewModel.swift in Sources */ = {isa = PBXBuildFile; fileRef = 3D141BB327A6C168003A13D9 /* DetailListBackgroundViewModel.swift */; };
		3D141BB627A6C18A003A13D9 /* DetailListBackgroundView.swift in Sources */ = {isa = PBXBuildFile; fileRef = 3D141BB527A6C18A003A13D9 /* DetailListBackgroundView.swift */; };
		3D141BB827A71950003A13D9 /* LocationInfoViewController+Rx.swift in Sources */ = {isa = PBXBuildFile; fileRef = 3D141BB727A71950003A13D9 /* LocationInfoViewController+Rx.swift */; };
		3D489D9927A5022400634E6E /* MTMapView+Rx.swift in Sources */ = {isa = PBXBuildFile; fileRef = 3D489D9827A5022400634E6E /* MTMapView+Rx.swift */; };
		3D489D9B27A5062000634E6E /* UIViewController+Rx.swift in Sources */ = {isa = PBXBuildFile; fileRef = 3D489D9A27A5062000634E6E /* UIViewController+Rx.swift */; };
		3D7F873C279C4DA9009FD93B /* AppDelegate.swift in Sources */ = {isa = PBXBuildFile; fileRef = 3D7F873B279C4DA9009FD93B /* AppDelegate.swift */; };
		3D7F873E279C4DA9009FD93B /* SceneDelegate.swift in Sources */ = {isa = PBXBuildFile; fileRef = 3D7F873D279C4DA9009FD93B /* SceneDelegate.swift */; };
		3D7F8745279C4DAA009FD93B /* Assets.xcassets in Resources */ = {isa = PBXBuildFile; fileRef = 3D7F8744279C4DAA009FD93B /* Assets.xcassets */; };
		3D7F8748279C4DAA009FD93B /* LaunchScreen.storyboard in Resources */ = {isa = PBXBuildFile; fileRef = 3D7F8746279C4DAA009FD93B /* LaunchScreen.storyboard */; };
		3D7F8753279C4DAB009FD93B /* NearByAppTests.swift in Sources */ = {isa = PBXBuildFile; fileRef = 3D7F8752279C4DAB009FD93B /* NearByAppTests.swift */; };
		3D7F875D279C4DAB009FD93B /* NearByAppUITests.swift in Sources */ = {isa = PBXBuildFile; fileRef = 3D7F875C279C4DAB009FD93B /* NearByAppUITests.swift */; };
		3D7F875F279C4DAB009FD93B /* NearByAppUITestsLaunchTests.swift in Sources */ = {isa = PBXBuildFile; fileRef = 3D7F875E279C4DAB009FD93B /* NearByAppUITestsLaunchTests.swift */; };
		3D9A4A7F27A2448100DB2CA2 /* SnapKit in Frameworks */ = {isa = PBXBuildFile; productRef = 3D9A4A7E27A2448100DB2CA2 /* SnapKit */; };
		3D9A4A8D27A2B6BA00DB2CA2 /* RxBlocking in Frameworks */ = {isa = PBXBuildFile; productRef = 3D9A4A8C27A2B6BA00DB2CA2 /* RxBlocking */; };
		3D9A4A8F27A2B6BA00DB2CA2 /* RxCocoa in Frameworks */ = {isa = PBXBuildFile; productRef = 3D9A4A8E27A2B6BA00DB2CA2 /* RxCocoa */; };
		3D9A4A9127A2B6BA00DB2CA2 /* RxRelay in Frameworks */ = {isa = PBXBuildFile; productRef = 3D9A4A9027A2B6BA00DB2CA2 /* RxRelay */; };
		3D9A4A9327A2B6BA00DB2CA2 /* RxSwift in Frameworks */ = {isa = PBXBuildFile; productRef = 3D9A4A9227A2B6BA00DB2CA2 /* RxSwift */; };
		3D9A4A9527A2B6BA00DB2CA2 /* RxTest in Frameworks */ = {isa = PBXBuildFile; productRef = 3D9A4A9427A2B6BA00DB2CA2 /* RxTest */; };
		3D9A4A9727A2C3AA00DB2CA2 /* MTMapViewError.swift in Sources */ = {isa = PBXBuildFile; fileRef = 3D9A4A9627A2C3AA00DB2CA2 /* MTMapViewError.swift */; };
		3DED31AB27A0512600B351BB /* libsqlite3.tbd in Frameworks */ = {isa = PBXBuildFile; fileRef = 3DFE3C1327A0429500D5C101 /* libsqlite3.tbd */; };
		3DED31AC27A0513C00B351BB /* libc++.tbd in Frameworks */ = {isa = PBXBuildFile; fileRef = 3DFE3C1127A0428300D5C101 /* libc++.tbd */; };
		3DED31AD27A0514500B351BB /* libxml2.tbd in Frameworks */ = {isa = PBXBuildFile; fileRef = 3DFE3C1227A0428C00D5C101 /* libxml2.tbd */; };
		3DED31AE27A0517700B351BB /* OpenGLES.framework in Frameworks */ = {isa = PBXBuildFile; fileRef = 3DFE3C0B27A0422400D5C101 /* OpenGLES.framework */; };
		3DED31D627A054BB00B351BB /* map_pinup_custom@3x.png in Resources */ = {isa = PBXBuildFile; fileRef = 3DED31B127A054BB00B351BB /* map_pinup_custom@3x.png */; };
		3DED31D727A054BB00B351BB /* map_pin_custom.png in Resources */ = {isa = PBXBuildFile; fileRef = 3DED31B227A054BB00B351BB /* map_pin_custom.png */; };
		3DED31D827A054BB00B351BB /* shadow_balloon.png in Resources */ = {isa = PBXBuildFile; fileRef = 3DED31B327A054BB00B351BB /* shadow_balloon.png */; };
		3DED31D927A054BB00B351BB /* map_pinup.png in Resources */ = {isa = PBXBuildFile; fileRef = 3DED31B427A054BB00B351BB /* map_pinup.png */; };
		3DED31DA27A054BB00B351BB /* detail_button.png in Resources */ = {isa = PBXBuildFile; fileRef = 3DED31B527A054BB00B351BB /* detail_button.png */; };
		3DED31DB27A054BB00B351BB /* map_pin_custom@3x.png in Resources */ = {isa = PBXBuildFile; fileRef = 3DED31B627A054BB00B351BB /* map_pin_custom@3x.png */; };
		3DED31DC27A054BB00B351BB /* map_pinup@3x.png in Resources */ = {isa = PBXBuildFile; fileRef = 3DED31B727A054BB00B351BB /* map_pinup@3x.png */; };
		3DED31DD27A054BB00B351BB /* map_pin_shadow@3x.png in Resources */ = {isa = PBXBuildFile; fileRef = 3DED31B827A054BB00B351BB /* map_pin_shadow@3x.png */; };
		3DED31DE27A054BB00B351BB /* copyright.png in Resources */ = {isa = PBXBuildFile; fileRef = 3DED31B927A054BB00B351BB /* copyright.png */; };
		3DED31DF27A054BB00B351BB /* th_line.png in Resources */ = {isa = PBXBuildFile; fileRef = 3DED31BA27A054BB00B351BB /* th_line.png */; };
		3DED31E027A054BB00B351BB /* map_pin_red@3x.png in Resources */ = {isa = PBXBuildFile; fileRef = 3DED31BB27A054BB00B351BB /* map_pin_red@3x.png */; };
		3DED31E127A054BB00B351BB /* daum_copyright.png in Resources */ = {isa = PBXBuildFile; fileRef = 3DED31BC27A054BB00B351BB /* daum_copyright.png */; };
		3DED31E227A054BB00B351BB /* map_pin@3x.png in Resources */ = {isa = PBXBuildFile; fileRef = 3DED31BD27A054BB00B351BB /* map_pin@3x.png */; };
		3DED31E327A054BB00B351BB /* map_present_tracking.png in Resources */ = {isa = PBXBuildFile; fileRef = 3DED31BE27A054BB00B351BB /* map_present_tracking.png */; };
		3DED31E427A054BB00B351BB /* map_pin_red.png in Resources */ = {isa = PBXBuildFile; fileRef = 3DED31BF27A054BB00B351BB /* map_pin_red.png */; };
		3DED31E527A054BB00B351BB /* info_box.png in Resources */ = {isa = PBXBuildFile; fileRef = 3DED31C927A054BB00B351BB /* info_box.png */; };
		3DED31E627A054BB00B351BB /* point_sprite.png in Resources */ = {isa = PBXBuildFile; fileRef = 3DED31CA27A054BB00B351BB /* point_sprite.png */; };
		3DED31E727A054BB00B351BB /* map_pinup_custom.png in Resources */ = {isa = PBXBuildFile; fileRef = 3DED31CB27A054BB00B351BB /* map_pinup_custom.png */; };
		3DED31E827A054BB00B351BB /* info_box_tail.png in Resources */ = {isa = PBXBuildFile; fileRef = 3DED31CC27A054BB00B351BB /* info_box_tail.png */; };
		3DED31E927A054BB00B351BB /* noimage256.png in Resources */ = {isa = PBXBuildFile; fileRef = 3DED31CD27A054BB00B351BB /* noimage256.png */; };
		3DED31EA27A054BB00B351BB /* map_present_direction.png in Resources */ = {isa = PBXBuildFile; fileRef = 3DED31CE27A054BB00B351BB /* map_present_direction.png */; };
		3DED31EB27A054BB00B351BB /* map_pin.png in Resources */ = {isa = PBXBuildFile; fileRef = 3DED31CF27A054BB00B351BB /* map_pin.png */; };
		3DED31EC27A054BB00B351BB /* map_present.png in Resources */ = {isa = PBXBuildFile; fileRef = 3DED31D027A054BB00B351BB /* map_present.png */; };
		3DED31ED27A054BB00B351BB /* noimage.png in Resources */ = {isa = PBXBuildFile; fileRef = 3DED31D127A054BB00B351BB /* noimage.png */; };
		3DED31EE27A054BB00B351BB /* map_present_background_update.png in Resources */ = {isa = PBXBuildFile; fileRef = 3DED31D227A054BB00B351BB /* map_present_background_update.png */; };
		3DED31EF27A054BB00B351BB /* daum_th_line.png in Resources */ = {isa = PBXBuildFile; fileRef = 3DED31D327A054BB00B351BB /* daum_th_line.png */; };
		3DED31F027A054BB00B351BB /* map_pin_shadow.png in Resources */ = {isa = PBXBuildFile; fileRef = 3DED31D427A054BB00B351BB /* map_pin_shadow.png */; };
		3DED31F127A054BB00B351BB /* DaumMap.framework in Frameworks */ = {isa = PBXBuildFile; fileRef = 3DED31D527A054BB00B351BB /* DaumMap.framework */; };
		3DED31F327A0554000B351BB /* DetailCellData.swift in Sources */ = {isa = PBXBuildFile; fileRef = 3DED31F227A0554000B351BB /* DetailCellData.swift */; };
		3DED31F627A18FC700B351BB /* LocationInfoViewController.swift in Sources */ = {isa = PBXBuildFile; fileRef = 3DED31F527A18FC700B351BB /* LocationInfoViewController.swift */; };
		3DED31F927A1900100B351BB /* LocationInfoViewModel.swift in Sources */ = {isa = PBXBuildFile; fileRef = 3DED31F827A1900100B351BB /* LocationInfoViewModel.swift */; };
		3DFE3C0C27A0422400D5C101 /* OpenGLES.framework in Frameworks */ = {isa = PBXBuildFile; fileRef = 3DFE3C0B27A0422400D5C101 /* OpenGLES.framework */; };
		3DFE3C0E27A0426E00D5C101 /* CoreLocation.framework in Frameworks */ = {isa = PBXBuildFile; fileRef = 3DFE3C0D27A0426E00D5C101 /* CoreLocation.framework */; };
		3DFE3C1027A0427900D5C101 /* QuartzCore.framework in Frameworks */ = {isa = PBXBuildFile; fileRef = 3DFE3C0F27A0427900D5C101 /* QuartzCore.framework */; };
		3DFE3C1527A0438B00D5C101 /* SystemConfiguration.framework in Frameworks */ = {isa = PBXBuildFile; fileRef = 3DFE3C1427A0438B00D5C101 /* SystemConfiguration.framework */; };
		3DFE3C3F27A04BFD00D5C101 /* LocationResponse.swift in Sources */ = {isa = PBXBuildFile; fileRef = 3DFE3C3E27A04BFD00D5C101 /* LocationResponse.swift */; };
/* End PBXBuildFile section */

/* Begin PBXContainerItemProxy section */
		3D7F874F279C4DAB009FD93B /* PBXContainerItemProxy */ = {
			isa = PBXContainerItemProxy;
			containerPortal = 3D7F8730279C4DA9009FD93B /* Project object */;
			proxyType = 1;
			remoteGlobalIDString = 3D7F8737279C4DA9009FD93B;
			remoteInfo = NearByApp;
		};
		3D7F8759279C4DAB009FD93B /* PBXContainerItemProxy */ = {
			isa = PBXContainerItemProxy;
			containerPortal = 3D7F8730279C4DA9009FD93B /* Project object */;
			proxyType = 1;
			remoteGlobalIDString = 3D7F8737279C4DA9009FD93B;
			remoteInfo = NearByApp;
		};
/* End PBXContainerItemProxy section */

/* Begin PBXFileReference section */
		3D141BB127A6BB73003A13D9 /* DetailListTableViewCell.swift */ = {isa = PBXFileReference; lastKnownFileType = sourcecode.swift; path = DetailListTableViewCell.swift; sourceTree = "<group>"; };
		3D141BB327A6C168003A13D9 /* DetailListBackgroundViewModel.swift */ = {isa = PBXFileReference; lastKnownFileType = sourcecode.swift; path = DetailListBackgroundViewModel.swift; sourceTree = "<group>"; };
		3D141BB527A6C18A003A13D9 /* DetailListBackgroundView.swift */ = {isa = PBXFileReference; lastKnownFileType = sourcecode.swift; path = DetailListBackgroundView.swift; sourceTree = "<group>"; };
		3D141BB727A71950003A13D9 /* LocationInfoViewController+Rx.swift */ = {isa = PBXFileReference; lastKnownFileType = sourcecode.swift; path = "LocationInfoViewController+Rx.swift"; sourceTree = "<group>"; };
		3D489D9827A5022400634E6E /* MTMapView+Rx.swift */ = {isa = PBXFileReference; lastKnownFileType = sourcecode.swift; path = "MTMapView+Rx.swift"; sourceTree = "<group>"; };
		3D489D9A27A5062000634E6E /* UIViewController+Rx.swift */ = {isa = PBXFileReference; lastKnownFileType = sourcecode.swift; path = "UIViewController+Rx.swift"; sourceTree = "<group>"; };
		3D7F8738279C4DA9009FD93B /* NearByApp.app */ = {isa = PBXFileReference; explicitFileType = wrapper.application; includeInIndex = 0; path = NearByApp.app; sourceTree = BUILT_PRODUCTS_DIR; };
		3D7F873B279C4DA9009FD93B /* AppDelegate.swift */ = {isa = PBXFileReference; lastKnownFileType = sourcecode.swift; path = AppDelegate.swift; sourceTree = "<group>"; };
		3D7F873D279C4DA9009FD93B /* SceneDelegate.swift */ = {isa = PBXFileReference; lastKnownFileType = sourcecode.swift; path = SceneDelegate.swift; sourceTree = "<group>"; };
		3D7F8744279C4DAA009FD93B /* Assets.xcassets */ = {isa = PBXFileReference; lastKnownFileType = folder.assetcatalog; path = Assets.xcassets; sourceTree = "<group>"; };
		3D7F8747279C4DAA009FD93B /* Base */ = {isa = PBXFileReference; lastKnownFileType = file.storyboard; name = Base; path = Base.lproj/LaunchScreen.storyboard; sourceTree = "<group>"; };
		3D7F8749279C4DAA009FD93B /* Info.plist */ = {isa = PBXFileReference; lastKnownFileType = text.plist.xml; path = Info.plist; sourceTree = "<group>"; };
		3D7F874E279C4DAB009FD93B /* NearByAppTests.xctest */ = {isa = PBXFileReference; explicitFileType = wrapper.cfbundle; includeInIndex = 0; path = NearByAppTests.xctest; sourceTree = BUILT_PRODUCTS_DIR; };
		3D7F8752279C4DAB009FD93B /* NearByAppTests.swift */ = {isa = PBXFileReference; lastKnownFileType = sourcecode.swift; path = NearByAppTests.swift; sourceTree = "<group>"; };
		3D7F8758279C4DAB009FD93B /* NearByAppUITests.xctest */ = {isa = PBXFileReference; explicitFileType = wrapper.cfbundle; includeInIndex = 0; path = NearByAppUITests.xctest; sourceTree = BUILT_PRODUCTS_DIR; };
		3D7F875C279C4DAB009FD93B /* NearByAppUITests.swift */ = {isa = PBXFileReference; lastKnownFileType = sourcecode.swift; path = NearByAppUITests.swift; sourceTree = "<group>"; };
		3D7F875E279C4DAB009FD93B /* NearByAppUITestsLaunchTests.swift */ = {isa = PBXFileReference; lastKnownFileType = sourcecode.swift; path = NearByAppUITestsLaunchTests.swift; sourceTree = "<group>"; };
		3D9A4A9627A2C3AA00DB2CA2 /* MTMapViewError.swift */ = {isa = PBXFileReference; lastKnownFileType = sourcecode.swift; path = MTMapViewError.swift; sourceTree = "<group>"; };
		3DED31B127A054BB00B351BB /* map_pinup_custom@3x.png */ = {isa = PBXFileReference; lastKnownFileType = image.png; path = "map_pinup_custom@3x.png"; sourceTree = "<group>"; };
		3DED31B227A054BB00B351BB /* map_pin_custom.png */ = {isa = PBXFileReference; lastKnownFileType = image.png; path = map_pin_custom.png; sourceTree = "<group>"; };
		3DED31B327A054BB00B351BB /* shadow_balloon.png */ = {isa = PBXFileReference; lastKnownFileType = image.png; path = shadow_balloon.png; sourceTree = "<group>"; };
		3DED31B427A054BB00B351BB /* map_pinup.png */ = {isa = PBXFileReference; lastKnownFileType = image.png; path = map_pinup.png; sourceTree = "<group>"; };
		3DED31B527A054BB00B351BB /* detail_button.png */ = {isa = PBXFileReference; lastKnownFileType = image.png; path = detail_button.png; sourceTree = "<group>"; };
		3DED31B627A054BB00B351BB /* map_pin_custom@3x.png */ = {isa = PBXFileReference; lastKnownFileType = image.png; path = "map_pin_custom@3x.png"; sourceTree = "<group>"; };
		3DED31B727A054BB00B351BB /* map_pinup@3x.png */ = {isa = PBXFileReference; lastKnownFileType = image.png; path = "map_pinup@3x.png"; sourceTree = "<group>"; };
		3DED31B827A054BB00B351BB /* map_pin_shadow@3x.png */ = {isa = PBXFileReference; lastKnownFileType = image.png; path = "map_pin_shadow@3x.png"; sourceTree = "<group>"; };
		3DED31B927A054BB00B351BB /* copyright.png */ = {isa = PBXFileReference; lastKnownFileType = image.png; path = copyright.png; sourceTree = "<group>"; };
		3DED31BA27A054BB00B351BB /* th_line.png */ = {isa = PBXFileReference; lastKnownFileType = image.png; path = th_line.png; sourceTree = "<group>"; };
		3DED31BB27A054BB00B351BB /* map_pin_red@3x.png */ = {isa = PBXFileReference; lastKnownFileType = image.png; path = "map_pin_red@3x.png"; sourceTree = "<group>"; };
		3DED31BC27A054BB00B351BB /* daum_copyright.png */ = {isa = PBXFileReference; lastKnownFileType = image.png; path = daum_copyright.png; sourceTree = "<group>"; };
		3DED31BD27A054BB00B351BB /* map_pin@3x.png */ = {isa = PBXFileReference; lastKnownFileType = image.png; path = "map_pin@3x.png"; sourceTree = "<group>"; };
		3DED31BE27A054BB00B351BB /* map_present_tracking.png */ = {isa = PBXFileReference; lastKnownFileType = image.png; path = map_present_tracking.png; sourceTree = "<group>"; };
		3DED31BF27A054BB00B351BB /* map_pin_red.png */ = {isa = PBXFileReference; lastKnownFileType = image.png; path = map_pin_red.png; sourceTree = "<group>"; };
		3DED31C127A054BB00B351BB /* MTMapPOIItem.h */ = {isa = PBXFileReference; fileEncoding = 4; lastKnownFileType = sourcecode.c.h; path = MTMapPOIItem.h; sourceTree = "<group>"; };
		3DED31C227A054BB00B351BB /* MTMapCameraUpdate.h */ = {isa = PBXFileReference; fileEncoding = 4; lastKnownFileType = sourcecode.c.h; path = MTMapCameraUpdate.h; sourceTree = "<group>"; };
		3DED31C327A054BB00B351BB /* MTMapReverseGeoCoder.h */ = {isa = PBXFileReference; fileEncoding = 4; lastKnownFileType = sourcecode.c.h; path = MTMapReverseGeoCoder.h; sourceTree = "<group>"; };
		3DED31C427A054BB00B351BB /* MTMapPolyline.h */ = {isa = PBXFileReference; fileEncoding = 4; lastKnownFileType = sourcecode.c.h; path = MTMapPolyline.h; sourceTree = "<group>"; };
		3DED31C527A054BB00B351BB /* MTMapLocationMarkerItem.h */ = {isa = PBXFileReference; fileEncoding = 4; lastKnownFileType = sourcecode.c.h; path = MTMapLocationMarkerItem.h; sourceTree = "<group>"; };
		3DED31C627A054BB00B351BB /* MTMapView.h */ = {isa = PBXFileReference; fileEncoding = 4; lastKnownFileType = sourcecode.c.h; path = MTMapView.h; sourceTree = "<group>"; };
		3DED31C727A054BB00B351BB /* MTMapGeometry.h */ = {isa = PBXFileReference; fileEncoding = 4; lastKnownFileType = sourcecode.c.h; path = MTMapGeometry.h; sourceTree = "<group>"; };
		3DED31C827A054BB00B351BB /* MTMapCircle.h */ = {isa = PBXFileReference; fileEncoding = 4; lastKnownFileType = sourcecode.c.h; path = MTMapCircle.h; sourceTree = "<group>"; };
		3DED31C927A054BB00B351BB /* info_box.png */ = {isa = PBXFileReference; lastKnownFileType = image.png; path = info_box.png; sourceTree = "<group>"; };
		3DED31CA27A054BB00B351BB /* point_sprite.png */ = {isa = PBXFileReference; lastKnownFileType = image.png; path = point_sprite.png; sourceTree = "<group>"; };
		3DED31CB27A054BB00B351BB /* map_pinup_custom.png */ = {isa = PBXFileReference; lastKnownFileType = image.png; path = map_pinup_custom.png; sourceTree = "<group>"; };
		3DED31CC27A054BB00B351BB /* info_box_tail.png */ = {isa = PBXFileReference; lastKnownFileType = image.png; path = info_box_tail.png; sourceTree = "<group>"; };
		3DED31CD27A054BB00B351BB /* noimage256.png */ = {isa = PBXFileReference; lastKnownFileType = image.png; path = noimage256.png; sourceTree = "<group>"; };
		3DED31CE27A054BB00B351BB /* map_present_direction.png */ = {isa = PBXFileReference; lastKnownFileType = image.png; path = map_present_direction.png; sourceTree = "<group>"; };
		3DED31CF27A054BB00B351BB /* map_pin.png */ = {isa = PBXFileReference; lastKnownFileType = image.png; path = map_pin.png; sourceTree = "<group>"; };
		3DED31D027A054BB00B351BB /* map_present.png */ = {isa = PBXFileReference; lastKnownFileType = image.png; path = map_present.png; sourceTree = "<group>"; };
		3DED31D127A054BB00B351BB /* noimage.png */ = {isa = PBXFileReference; lastKnownFileType = image.png; path = noimage.png; sourceTree = "<group>"; };
		3DED31D227A054BB00B351BB /* map_present_background_update.png */ = {isa = PBXFileReference; lastKnownFileType = image.png; path = map_present_background_update.png; sourceTree = "<group>"; };
		3DED31D327A054BB00B351BB /* daum_th_line.png */ = {isa = PBXFileReference; lastKnownFileType = image.png; path = daum_th_line.png; sourceTree = "<group>"; };
		3DED31D427A054BB00B351BB /* map_pin_shadow.png */ = {isa = PBXFileReference; lastKnownFileType = image.png; path = map_pin_shadow.png; sourceTree = "<group>"; };
		3DED31D527A054BB00B351BB /* DaumMap.framework */ = {isa = PBXFileReference; lastKnownFileType = wrapper.framework; path = DaumMap.framework; sourceTree = "<group>"; };
		3DED31F227A0554000B351BB /* DetailCellData.swift */ = {isa = PBXFileReference; lastKnownFileType = sourcecode.swift; path = DetailCellData.swift; sourceTree = "<group>"; };
		3DED31F527A18FC700B351BB /* LocationInfoViewController.swift */ = {isa = PBXFileReference; lastKnownFileType = sourcecode.swift; path = LocationInfoViewController.swift; sourceTree = "<group>"; };
		3DED31F827A1900100B351BB /* LocationInfoViewModel.swift */ = {isa = PBXFileReference; lastKnownFileType = sourcecode.swift; path = LocationInfoViewModel.swift; sourceTree = "<group>"; };
		3DFE3C0B27A0422400D5C101 /* OpenGLES.framework */ = {isa = PBXFileReference; lastKnownFileType = wrapper.framework; name = OpenGLES.framework; path = System/Library/Frameworks/OpenGLES.framework; sourceTree = SDKROOT; };
		3DFE3C0D27A0426E00D5C101 /* CoreLocation.framework */ = {isa = PBXFileReference; lastKnownFileType = wrapper.framework; name = CoreLocation.framework; path = System/Library/Frameworks/CoreLocation.framework; sourceTree = SDKROOT; };
		3DFE3C0F27A0427900D5C101 /* QuartzCore.framework */ = {isa = PBXFileReference; lastKnownFileType = wrapper.framework; name = QuartzCore.framework; path = System/Library/Frameworks/QuartzCore.framework; sourceTree = SDKROOT; };
		3DFE3C1127A0428300D5C101 /* libc++.tbd */ = {isa = PBXFileReference; lastKnownFileType = "sourcecode.text-based-dylib-definition"; name = "libc++.tbd"; path = "usr/lib/libc++.tbd"; sourceTree = SDKROOT; };
		3DFE3C1227A0428C00D5C101 /* libxml2.tbd */ = {isa = PBXFileReference; lastKnownFileType = "sourcecode.text-based-dylib-definition"; name = libxml2.tbd; path = usr/lib/libxml2.tbd; sourceTree = SDKROOT; };
		3DFE3C1327A0429500D5C101 /* libsqlite3.tbd */ = {isa = PBXFileReference; lastKnownFileType = "sourcecode.text-based-dylib-definition"; name = libsqlite3.tbd; path = usr/lib/libsqlite3.tbd; sourceTree = SDKROOT; };
		3DFE3C1427A0438B00D5C101 /* SystemConfiguration.framework */ = {isa = PBXFileReference; lastKnownFileType = wrapper.framework; name = SystemConfiguration.framework; path = System/Library/Frameworks/SystemConfiguration.framework; sourceTree = SDKROOT; };
		3DFE3C1627A043CC00D5C101 /* BridgingHeader.h */ = {isa = PBXFileReference; lastKnownFileType = sourcecode.c.h; path = BridgingHeader.h; sourceTree = "<group>"; };
		3DFE3C3E27A04BFD00D5C101 /* LocationResponse.swift */ = {isa = PBXFileReference; lastKnownFileType = sourcecode.swift; path = LocationResponse.swift; sourceTree = "<group>"; };
/* End PBXFileReference section */

/* Begin PBXFrameworksBuildPhase section */
		3D7F8735279C4DA9009FD93B /* Frameworks */ = {
			isa = PBXFrameworksBuildPhase;
			buildActionMask = 2147483647;
			files = (
				3DED31AB27A0512600B351BB /* libsqlite3.tbd in Frameworks */,
				3DED31AC27A0513C00B351BB /* libc++.tbd in Frameworks */,
				3DFE3C1027A0427900D5C101 /* QuartzCore.framework in Frameworks */,
				3DFE3C1527A0438B00D5C101 /* SystemConfiguration.framework in Frameworks */,
				3DED31AD27A0514500B351BB /* libxml2.tbd in Frameworks */,
				3DFE3C0E27A0426E00D5C101 /* CoreLocation.framework in Frameworks */,
				3D9A4A9327A2B6BA00DB2CA2 /* RxSwift in Frameworks */,
				3D9A4A8F27A2B6BA00DB2CA2 /* RxCocoa in Frameworks */,
				3D9A4A8D27A2B6BA00DB2CA2 /* RxBlocking in Frameworks */,
				3DFE3C0C27A0422400D5C101 /* OpenGLES.framework in Frameworks */,
				3D9A4A9127A2B6BA00DB2CA2 /* RxRelay in Frameworks */,
				3DED31F127A054BB00B351BB /* DaumMap.framework in Frameworks */,
				3DED31AE27A0517700B351BB /* OpenGLES.framework in Frameworks */,
				3D9A4A7F27A2448100DB2CA2 /* SnapKit in Frameworks */,
			);
			runOnlyForDeploymentPostprocessing = 0;
		};
		3D7F874B279C4DAB009FD93B /* Frameworks */ = {
			isa = PBXFrameworksBuildPhase;
			buildActionMask = 2147483647;
			files = (
				3D9A4A9527A2B6BA00DB2CA2 /* RxTest in Frameworks */,
			);
			runOnlyForDeploymentPostprocessing = 0;
		};
		3D7F8755279C4DAB009FD93B /* Frameworks */ = {
			isa = PBXFrameworksBuildPhase;
			buildActionMask = 2147483647;
			files = (
			);
			runOnlyForDeploymentPostprocessing = 0;
		};
/* End PBXFrameworksBuildPhase section */

/* Begin PBXGroup section */
		3D141BB027A6BB55003A13D9 /* View */ = {
			isa = PBXGroup;
			children = (
				3D141BB127A6BB73003A13D9 /* DetailListTableViewCell.swift */,
				3D141BB527A6C18A003A13D9 /* DetailListBackgroundView.swift */,
			);
			path = View;
			sourceTree = "<group>";
		};
		3D489D9727A5020900634E6E /* Extension */ = {
			isa = PBXGroup;
			children = (
				3D489D9827A5022400634E6E /* MTMapView+Rx.swift */,
				3D489D9A27A5062000634E6E /* UIViewController+Rx.swift */,
				3D141BB727A71950003A13D9 /* LocationInfoViewController+Rx.swift */,
			);
			path = Extension;
			sourceTree = "<group>";
		};
		3D7F872F279C4DA9009FD93B = {
			isa = PBXGroup;
			children = (
				3D7F873A279C4DA9009FD93B /* NearByApp */,
				3D7F8751279C4DAB009FD93B /* NearByAppTests */,
				3D7F875B279C4DAB009FD93B /* NearByAppUITests */,
				3D7F8739279C4DA9009FD93B /* Products */,
				3DFE3C0A27A0422400D5C101 /* Frameworks */,
			);
			sourceTree = "<group>";
		};
		3D7F8739279C4DA9009FD93B /* Products */ = {
			isa = PBXGroup;
			children = (
				3D7F8738279C4DA9009FD93B /* NearByApp.app */,
				3D7F874E279C4DAB009FD93B /* NearByAppTests.xctest */,
				3D7F8758279C4DAB009FD93B /* NearByAppUITests.xctest */,
			);
			name = Products;
			sourceTree = "<group>";
		};
		3D7F873A279C4DA9009FD93B /* NearByApp */ = {
			isa = PBXGroup;
			children = (
				3D141BB027A6BB55003A13D9 /* View */,
				3D489D9727A5020900634E6E /* Extension */,
				3DED31F727A18FED00B351BB /* ViewModel */,
				3DED31F427A18FB200B351BB /* ViewController */,
				3D7F873B279C4DA9009FD93B /* AppDelegate.swift */,
				3D7F873D279C4DA9009FD93B /* SceneDelegate.swift */,
				3DFE3C4027A04C0300D5C101 /* Entities */,
				3D7F8744279C4DAA009FD93B /* Assets.xcassets */,
				3D7F8746279C4DAA009FD93B /* LaunchScreen.storyboard */,
				3D7F8749279C4DAA009FD93B /* Info.plist */,
				3DFE3C1627A043CC00D5C101 /* BridgingHeader.h */,
			);
			path = NearByApp;
			sourceTree = "<group>";
		};
		3D7F8751279C4DAB009FD93B /* NearByAppTests */ = {
			isa = PBXGroup;
			children = (
				3D7F8752279C4DAB009FD93B /* NearByAppTests.swift */,
			);
			path = NearByAppTests;
			sourceTree = "<group>";
		};
		3D7F875B279C4DAB009FD93B /* NearByAppUITests */ = {
			isa = PBXGroup;
			children = (
				3D7F875C279C4DAB009FD93B /* NearByAppUITests.swift */,
				3D7F875E279C4DAB009FD93B /* NearByAppUITestsLaunchTests.swift */,
			);
			path = NearByAppUITests;
			sourceTree = "<group>";
		};
		3DED31AF27A054BB00B351BB /* DaumMap.embeddedframework */ = {
			isa = PBXGroup;
			children = (
				3DED31B027A054BB00B351BB /* Resources */,
				3DED31D527A054BB00B351BB /* DaumMap.framework */,
			);
			name = DaumMap.embeddedframework;
			path = NearByApp/DaumMap.embeddedframework;
			sourceTree = "<group>";
		};
		3DED31B027A054BB00B351BB /* Resources */ = {
			isa = PBXGroup;
			children = (
				3DED31B127A054BB00B351BB /* map_pinup_custom@3x.png */,
				3DED31B227A054BB00B351BB /* map_pin_custom.png */,
				3DED31B327A054BB00B351BB /* shadow_balloon.png */,
				3DED31B427A054BB00B351BB /* map_pinup.png */,
				3DED31B527A054BB00B351BB /* detail_button.png */,
				3DED31B627A054BB00B351BB /* map_pin_custom@3x.png */,
				3DED31B727A054BB00B351BB /* map_pinup@3x.png */,
				3DED31B827A054BB00B351BB /* map_pin_shadow@3x.png */,
				3DED31B927A054BB00B351BB /* copyright.png */,
				3DED31BA27A054BB00B351BB /* th_line.png */,
				3DED31BB27A054BB00B351BB /* map_pin_red@3x.png */,
				3DED31BC27A054BB00B351BB /* daum_copyright.png */,
				3DED31BD27A054BB00B351BB /* map_pin@3x.png */,
				3DED31BE27A054BB00B351BB /* map_present_tracking.png */,
				3DED31BF27A054BB00B351BB /* map_pin_red.png */,
				3DED31C027A054BB00B351BB /* Headers */,
				3DED31C927A054BB00B351BB /* info_box.png */,
				3DED31CA27A054BB00B351BB /* point_sprite.png */,
				3DED31CB27A054BB00B351BB /* map_pinup_custom.png */,
				3DED31CC27A054BB00B351BB /* info_box_tail.png */,
				3DED31CD27A054BB00B351BB /* noimage256.png */,
				3DED31CE27A054BB00B351BB /* map_present_direction.png */,
				3DED31CF27A054BB00B351BB /* map_pin.png */,
				3DED31D027A054BB00B351BB /* map_present.png */,
				3DED31D127A054BB00B351BB /* noimage.png */,
				3DED31D227A054BB00B351BB /* map_present_background_update.png */,
				3DED31D327A054BB00B351BB /* daum_th_line.png */,
				3DED31D427A054BB00B351BB /* map_pin_shadow.png */,
			);
			path = Resources;
			sourceTree = "<group>";
		};
		3DED31C027A054BB00B351BB /* Headers */ = {
			isa = PBXGroup;
			children = (
				3DED31C127A054BB00B351BB /* MTMapPOIItem.h */,
				3DED31C227A054BB00B351BB /* MTMapCameraUpdate.h */,
				3DED31C327A054BB00B351BB /* MTMapReverseGeoCoder.h */,
				3DED31C427A054BB00B351BB /* MTMapPolyline.h */,
				3DED31C527A054BB00B351BB /* MTMapLocationMarkerItem.h */,
				3DED31C627A054BB00B351BB /* MTMapView.h */,
				3DED31C727A054BB00B351BB /* MTMapGeometry.h */,
				3DED31C827A054BB00B351BB /* MTMapCircle.h */,
			);
			path = Headers;
			sourceTree = "<group>";
		};
		3DED31F427A18FB200B351BB /* ViewController */ = {
			isa = PBXGroup;
			children = (
				3DED31F527A18FC700B351BB /* LocationInfoViewController.swift */,
			);
			path = ViewController;
			sourceTree = "<group>";
		};
		3DED31F727A18FED00B351BB /* ViewModel */ = {
			isa = PBXGroup;
			children = (
				3DED31F827A1900100B351BB /* LocationInfoViewModel.swift */,
				3D141BB327A6C168003A13D9 /* DetailListBackgroundViewModel.swift */,
			);
			path = ViewModel;
			sourceTree = "<group>";
		};
		3DFE3C0A27A0422400D5C101 /* Frameworks */ = {
			isa = PBXGroup;
			children = (
				3DED31AF27A054BB00B351BB /* DaumMap.embeddedframework */,
				3DFE3C1427A0438B00D5C101 /* SystemConfiguration.framework */,
				3DFE3C1327A0429500D5C101 /* libsqlite3.tbd */,
				3DFE3C1227A0428C00D5C101 /* libxml2.tbd */,
				3DFE3C1127A0428300D5C101 /* libc++.tbd */,
				3DFE3C0F27A0427900D5C101 /* QuartzCore.framework */,
				3DFE3C0D27A0426E00D5C101 /* CoreLocation.framework */,
				3DFE3C0B27A0422400D5C101 /* OpenGLES.framework */,
			);
			name = Frameworks;
			sourceTree = "<group>";
		};
		3DFE3C4027A04C0300D5C101 /* Entities */ = {
			isa = PBXGroup;
			children = (
				3DFE3C3E27A04BFD00D5C101 /* LocationResponse.swift */,
				3DED31F227A0554000B351BB /* DetailCellData.swift */,
				3D9A4A9627A2C3AA00DB2CA2 /* MTMapViewError.swift */,
			);
			path = Entities;
			sourceTree = "<group>";
		};
/* End PBXGroup section */

/* Begin PBXNativeTarget section */
		3D7F8737279C4DA9009FD93B /* NearByApp */ = {
			isa = PBXNativeTarget;
			buildConfigurationList = 3D7F8762279C4DAB009FD93B /* Build configuration list for PBXNativeTarget "NearByApp" */;
			buildPhases = (
				3D7F8734279C4DA9009FD93B /* Sources */,
				3D7F8735279C4DA9009FD93B /* Frameworks */,
				3D7F8736279C4DA9009FD93B /* Resources */,
			);
			buildRules = (
			);
			dependencies = (
			);
			name = NearByApp;
			packageProductDependencies = (
				3D9A4A7E27A2448100DB2CA2 /* SnapKit */,
				3D9A4A8C27A2B6BA00DB2CA2 /* RxBlocking */,
				3D9A4A8E27A2B6BA00DB2CA2 /* RxCocoa */,
				3D9A4A9027A2B6BA00DB2CA2 /* RxRelay */,
				3D9A4A9227A2B6BA00DB2CA2 /* RxSwift */,
			);
			productName = NearByApp;
			productReference = 3D7F8738279C4DA9009FD93B /* NearByApp.app */;
			productType = "com.apple.product-type.application";
		};
		3D7F874D279C4DAB009FD93B /* NearByAppTests */ = {
			isa = PBXNativeTarget;
			buildConfigurationList = 3D7F8765279C4DAB009FD93B /* Build configuration list for PBXNativeTarget "NearByAppTests" */;
			buildPhases = (
				3D7F874A279C4DAB009FD93B /* Sources */,
				3D7F874B279C4DAB009FD93B /* Frameworks */,
				3D7F874C279C4DAB009FD93B /* Resources */,
			);
			buildRules = (
			);
			dependencies = (
				3D7F8750279C4DAB009FD93B /* PBXTargetDependency */,
			);
			name = NearByAppTests;
			packageProductDependencies = (
				3D9A4A9427A2B6BA00DB2CA2 /* RxTest */,
			);
			productName = NearByAppTests;
			productReference = 3D7F874E279C4DAB009FD93B /* NearByAppTests.xctest */;
			productType = "com.apple.product-type.bundle.unit-test";
		};
		3D7F8757279C4DAB009FD93B /* NearByAppUITests */ = {
			isa = PBXNativeTarget;
			buildConfigurationList = 3D7F8768279C4DAB009FD93B /* Build configuration list for PBXNativeTarget "NearByAppUITests" */;
			buildPhases = (
				3D7F8754279C4DAB009FD93B /* Sources */,
				3D7F8755279C4DAB009FD93B /* Frameworks */,
				3D7F8756279C4DAB009FD93B /* Resources */,
			);
			buildRules = (
			);
			dependencies = (
				3D7F875A279C4DAB009FD93B /* PBXTargetDependency */,
			);
			name = NearByAppUITests;
			productName = NearByAppUITests;
			productReference = 3D7F8758279C4DAB009FD93B /* NearByAppUITests.xctest */;
			productType = "com.apple.product-type.bundle.ui-testing";
		};
/* End PBXNativeTarget section */

/* Begin PBXProject section */
		3D7F8730279C4DA9009FD93B /* Project object */ = {
			isa = PBXProject;
			attributes = {
				BuildIndependentTargetsInParallel = 1;
				LastSwiftUpdateCheck = 1310;
				LastUpgradeCheck = 1310;
				TargetAttributes = {
					3D7F8737279C4DA9009FD93B = {
						CreatedOnToolsVersion = 13.1;
					};
					3D7F874D279C4DAB009FD93B = {
						CreatedOnToolsVersion = 13.1;
						TestTargetID = 3D7F8737279C4DA9009FD93B;
					};
					3D7F8757279C4DAB009FD93B = {
						CreatedOnToolsVersion = 13.1;
						TestTargetID = 3D7F8737279C4DA9009FD93B;
					};
				};
			};
			buildConfigurationList = 3D7F8733279C4DA9009FD93B /* Build configuration list for PBXProject "NearByApp" */;
			compatibilityVersion = "Xcode 13.0";
			developmentRegion = en;
			hasScannedForEncodings = 0;
			knownRegions = (
				en,
				Base,
			);
			mainGroup = 3D7F872F279C4DA9009FD93B;
			packageReferences = (
				3D9A4A7D27A2448100DB2CA2 /* XCRemoteSwiftPackageReference "SnapKit" */,
				3D9A4A8B27A2B6BA00DB2CA2 /* XCRemoteSwiftPackageReference "RxSwift" */,
			);
			productRefGroup = 3D7F8739279C4DA9009FD93B /* Products */;
			projectDirPath = "";
			projectRoot = "";
			targets = (
				3D7F8737279C4DA9009FD93B /* NearByApp */,
				3D7F874D279C4DAB009FD93B /* NearByAppTests */,
				3D7F8757279C4DAB009FD93B /* NearByAppUITests */,
			);
		};
/* End PBXProject section */

/* Begin PBXResourcesBuildPhase section */
		3D7F8736279C4DA9009FD93B /* Resources */ = {
			isa = PBXResourcesBuildPhase;
			buildActionMask = 2147483647;
			files = (
				3DED31EC27A054BB00B351BB /* map_present.png in Resources */,
				3DED31E227A054BB00B351BB /* map_pin@3x.png in Resources */,
				3DED31E027A054BB00B351BB /* map_pin_red@3x.png in Resources */,
				3DED31EB27A054BB00B351BB /* map_pin.png in Resources */,
				3DED31E427A054BB00B351BB /* map_pin_red.png in Resources */,
				3DED31D627A054BB00B351BB /* map_pinup_custom@3x.png in Resources */,
				3DED31DE27A054BB00B351BB /* copyright.png in Resources */,
				3DED31DD27A054BB00B351BB /* map_pin_shadow@3x.png in Resources */,
				3D7F8748279C4DAA009FD93B /* LaunchScreen.storyboard in Resources */,
				3DED31E127A054BB00B351BB /* daum_copyright.png in Resources */,
				3DED31E527A054BB00B351BB /* info_box.png in Resources */,
				3DED31DB27A054BB00B351BB /* map_pin_custom@3x.png in Resources */,
				3DED31F027A054BB00B351BB /* map_pin_shadow.png in Resources */,
				3DED31E327A054BB00B351BB /* map_present_tracking.png in Resources */,
				3DED31DA27A054BB00B351BB /* detail_button.png in Resources */,
				3DED31ED27A054BB00B351BB /* noimage.png in Resources */,
				3DED31DF27A054BB00B351BB /* th_line.png in Resources */,
				3DED31E827A054BB00B351BB /* info_box_tail.png in Resources */,
				3DED31D727A054BB00B351BB /* map_pin_custom.png in Resources */,
				3DED31E727A054BB00B351BB /* map_pinup_custom.png in Resources */,
				3DED31DC27A054BB00B351BB /* map_pinup@3x.png in Resources */,
				3DED31E627A054BB00B351BB /* point_sprite.png in Resources */,
				3DED31EE27A054BB00B351BB /* map_present_background_update.png in Resources */,
				3DED31EA27A054BB00B351BB /* map_present_direction.png in Resources */,
				3DED31E927A054BB00B351BB /* noimage256.png in Resources */,
				3DED31D827A054BB00B351BB /* shadow_balloon.png in Resources */,
				3D7F8745279C4DAA009FD93B /* Assets.xcassets in Resources */,
				3DED31EF27A054BB00B351BB /* daum_th_line.png in Resources */,
				3DED31D927A054BB00B351BB /* map_pinup.png in Resources */,
			);
			runOnlyForDeploymentPostprocessing = 0;
		};
		3D7F874C279C4DAB009FD93B /* Resources */ = {
			isa = PBXResourcesBuildPhase;
			buildActionMask = 2147483647;
			files = (
			);
			runOnlyForDeploymentPostprocessing = 0;
		};
		3D7F8756279C4DAB009FD93B /* Resources */ = {
			isa = PBXResourcesBuildPhase;
			buildActionMask = 2147483647;
			files = (
			);
			runOnlyForDeploymentPostprocessing = 0;
		};
/* End PBXResourcesBuildPhase section */

/* Begin PBXSourcesBuildPhase section */
		3D7F8734279C4DA9009FD93B /* Sources */ = {
			isa = PBXSourcesBuildPhase;
			buildActionMask = 2147483647;
			files = (
				3D141BB227A6BB73003A13D9 /* DetailListTableViewCell.swift in Sources */,
				3DFE3C3F27A04BFD00D5C101 /* LocationResponse.swift in Sources */,
				3D141BB427A6C168003A13D9 /* DetailListBackgroundViewModel.swift in Sources */,
				3D9A4A9727A2C3AA00DB2CA2 /* MTMapViewError.swift in Sources */,
				3DED31F327A0554000B351BB /* DetailCellData.swift in Sources */,
				3D141BB827A71950003A13D9 /* LocationInfoViewController+Rx.swift in Sources */,
				3D7F873C279C4DA9009FD93B /* AppDelegate.swift in Sources */,
				3D489D9B27A5062000634E6E /* UIViewController+Rx.swift in Sources */,
				3D141BB627A6C18A003A13D9 /* DetailListBackgroundView.swift in Sources */,
				3D489D9927A5022400634E6E /* MTMapView+Rx.swift in Sources */,
				3D7F873E279C4DA9009FD93B /* SceneDelegate.swift in Sources */,
				3DED31F627A18FC700B351BB /* LocationInfoViewController.swift in Sources */,
				3DED31F927A1900100B351BB /* LocationInfoViewModel.swift in Sources */,
			);
			runOnlyForDeploymentPostprocessing = 0;
		};
		3D7F874A279C4DAB009FD93B /* Sources */ = {
			isa = PBXSourcesBuildPhase;
			buildActionMask = 2147483647;
			files = (
				3D7F8753279C4DAB009FD93B /* NearByAppTests.swift in Sources */,
			);
			runOnlyForDeploymentPostprocessing = 0;
		};
		3D7F8754279C4DAB009FD93B /* Sources */ = {
			isa = PBXSourcesBuildPhase;
			buildActionMask = 2147483647;
			files = (
				3D7F875D279C4DAB009FD93B /* NearByAppUITests.swift in Sources */,
				3D7F875F279C4DAB009FD93B /* NearByAppUITestsLaunchTests.swift in Sources */,
			);
			runOnlyForDeploymentPostprocessing = 0;
		};
/* End PBXSourcesBuildPhase section */

/* Begin PBXTargetDependency section */
		3D7F8750279C4DAB009FD93B /* PBXTargetDependency */ = {
			isa = PBXTargetDependency;
			target = 3D7F8737279C4DA9009FD93B /* NearByApp */;
			targetProxy = 3D7F874F279C4DAB009FD93B /* PBXContainerItemProxy */;
		};
		3D7F875A279C4DAB009FD93B /* PBXTargetDependency */ = {
			isa = PBXTargetDependency;
			target = 3D7F8737279C4DA9009FD93B /* NearByApp */;
			targetProxy = 3D7F8759279C4DAB009FD93B /* PBXContainerItemProxy */;
		};
/* End PBXTargetDependency section */

/* Begin PBXVariantGroup section */
		3D7F8746279C4DAA009FD93B /* LaunchScreen.storyboard */ = {
			isa = PBXVariantGroup;
			children = (
				3D7F8747279C4DAA009FD93B /* Base */,
			);
			name = LaunchScreen.storyboard;
			sourceTree = "<group>";
		};
/* End PBXVariantGroup section */

/* Begin XCBuildConfiguration section */
		3D7F8760279C4DAB009FD93B /* Debug */ = {
			isa = XCBuildConfiguration;
			buildSettings = {
				ALWAYS_SEARCH_USER_PATHS = NO;
				CLANG_ANALYZER_NONNULL = YES;
				CLANG_ANALYZER_NUMBER_OBJECT_CONVERSION = YES_AGGRESSIVE;
				CLANG_CXX_LANGUAGE_STANDARD = "gnu++17";
				CLANG_CXX_LIBRARY = "libc++";
				CLANG_ENABLE_MODULES = YES;
				CLANG_ENABLE_OBJC_ARC = NO;
				CLANG_ENABLE_OBJC_WEAK = YES;
				CLANG_WARN_BLOCK_CAPTURE_AUTORELEASING = YES;
				CLANG_WARN_BOOL_CONVERSION = YES;
				CLANG_WARN_COMMA = YES;
				CLANG_WARN_CONSTANT_CONVERSION = YES;
				CLANG_WARN_DEPRECATED_OBJC_IMPLEMENTATIONS = YES;
				CLANG_WARN_DIRECT_OBJC_ISA_USAGE = YES_ERROR;
				CLANG_WARN_DOCUMENTATION_COMMENTS = YES;
				CLANG_WARN_EMPTY_BODY = YES;
				CLANG_WARN_ENUM_CONVERSION = YES;
				CLANG_WARN_INFINITE_RECURSION = YES;
				CLANG_WARN_INT_CONVERSION = YES;
				CLANG_WARN_NON_LITERAL_NULL_CONVERSION = YES;
				CLANG_WARN_OBJC_IMPLICIT_RETAIN_SELF = YES;
				CLANG_WARN_OBJC_LITERAL_CONVERSION = YES;
				CLANG_WARN_OBJC_ROOT_CLASS = YES_ERROR;
				CLANG_WARN_QUOTED_INCLUDE_IN_FRAMEWORK_HEADER = YES;
				CLANG_WARN_RANGE_LOOP_ANALYSIS = YES;
				CLANG_WARN_STRICT_PROTOTYPES = YES;
				CLANG_WARN_SUSPICIOUS_MOVE = YES;
				CLANG_WARN_UNGUARDED_AVAILABILITY = YES_AGGRESSIVE;
				CLANG_WARN_UNREACHABLE_CODE = YES;
				CLANG_WARN__DUPLICATE_METHOD_MATCH = YES;
				COPY_PHASE_STRIP = NO;
				DEBUG_INFORMATION_FORMAT = dwarf;
				ENABLE_STRICT_OBJC_MSGSEND = YES;
				ENABLE_TESTABILITY = YES;
				GCC_C_LANGUAGE_STANDARD = gnu11;
				GCC_DYNAMIC_NO_PIC = NO;
				GCC_NO_COMMON_BLOCKS = YES;
				GCC_OPTIMIZATION_LEVEL = 0;
				GCC_PREPROCESSOR_DEFINITIONS = (
					"DEBUG=1",
					"$(inherited)",
				);
				GCC_WARN_64_TO_32_BIT_CONVERSION = YES;
				GCC_WARN_ABOUT_RETURN_TYPE = YES_ERROR;
				GCC_WARN_UNDECLARED_SELECTOR = YES;
				GCC_WARN_UNINITIALIZED_AUTOS = YES_AGGRESSIVE;
				GCC_WARN_UNUSED_FUNCTION = YES;
				GCC_WARN_UNUSED_VARIABLE = YES;
				IPHONEOS_DEPLOYMENT_TARGET = 15.0;
				MTL_ENABLE_DEBUG_INFO = INCLUDE_SOURCE;
				MTL_FAST_MATH = YES;
				ONLY_ACTIVE_ARCH = YES;
				SDKROOT = iphoneos;
				SWIFT_ACTIVE_COMPILATION_CONDITIONS = DEBUG;
				SWIFT_OBJC_BRIDGING_HEADER = NearByApp/BridgingHeader.h;
				SWIFT_OPTIMIZATION_LEVEL = "-Onone";
			};
			name = Debug;
		};
		3D7F8761279C4DAB009FD93B /* Release */ = {
			isa = XCBuildConfiguration;
			buildSettings = {
				ALWAYS_SEARCH_USER_PATHS = NO;
				CLANG_ANALYZER_NONNULL = YES;
				CLANG_ANALYZER_NUMBER_OBJECT_CONVERSION = YES_AGGRESSIVE;
				CLANG_CXX_LANGUAGE_STANDARD = "gnu++17";
				CLANG_CXX_LIBRARY = "libc++";
				CLANG_ENABLE_MODULES = YES;
				CLANG_ENABLE_OBJC_ARC = NO;
				CLANG_ENABLE_OBJC_WEAK = YES;
				CLANG_WARN_BLOCK_CAPTURE_AUTORELEASING = YES;
				CLANG_WARN_BOOL_CONVERSION = YES;
				CLANG_WARN_COMMA = YES;
				CLANG_WARN_CONSTANT_CONVERSION = YES;
				CLANG_WARN_DEPRECATED_OBJC_IMPLEMENTATIONS = YES;
				CLANG_WARN_DIRECT_OBJC_ISA_USAGE = YES_ERROR;
				CLANG_WARN_DOCUMENTATION_COMMENTS = YES;
				CLANG_WARN_EMPTY_BODY = YES;
				CLANG_WARN_ENUM_CONVERSION = YES;
				CLANG_WARN_INFINITE_RECURSION = YES;
				CLANG_WARN_INT_CONVERSION = YES;
				CLANG_WARN_NON_LITERAL_NULL_CONVERSION = YES;
				CLANG_WARN_OBJC_IMPLICIT_RETAIN_SELF = YES;
				CLANG_WARN_OBJC_LITERAL_CONVERSION = YES;
				CLANG_WARN_OBJC_ROOT_CLASS = YES_ERROR;
				CLANG_WARN_QUOTED_INCLUDE_IN_FRAMEWORK_HEADER = YES;
				CLANG_WARN_RANGE_LOOP_ANALYSIS = YES;
				CLANG_WARN_STRICT_PROTOTYPES = YES;
				CLANG_WARN_SUSPICIOUS_MOVE = YES;
				CLANG_WARN_UNGUARDED_AVAILABILITY = YES_AGGRESSIVE;
				CLANG_WARN_UNREACHABLE_CODE = YES;
				CLANG_WARN__DUPLICATE_METHOD_MATCH = YES;
				COPY_PHASE_STRIP = NO;
				DEBUG_INFORMATION_FORMAT = "dwarf-with-dsym";
				ENABLE_NS_ASSERTIONS = NO;
				ENABLE_STRICT_OBJC_MSGSEND = YES;
				GCC_C_LANGUAGE_STANDARD = gnu11;
				GCC_NO_COMMON_BLOCKS = YES;
				GCC_WARN_64_TO_32_BIT_CONVERSION = YES;
				GCC_WARN_ABOUT_RETURN_TYPE = YES_ERROR;
				GCC_WARN_UNDECLARED_SELECTOR = YES;
				GCC_WARN_UNINITIALIZED_AUTOS = YES_AGGRESSIVE;
				GCC_WARN_UNUSED_FUNCTION = YES;
				GCC_WARN_UNUSED_VARIABLE = YES;
				IPHONEOS_DEPLOYMENT_TARGET = 15.0;
				MTL_ENABLE_DEBUG_INFO = NO;
				MTL_FAST_MATH = YES;
				SDKROOT = iphoneos;
				SWIFT_COMPILATION_MODE = wholemodule;
				SWIFT_OBJC_BRIDGING_HEADER = NearByApp/BridgingHeader.h;
				SWIFT_OPTIMIZATION_LEVEL = "-O";
				VALIDATE_PRODUCT = YES;
			};
			name = Release;
		};
		3D7F8763279C4DAB009FD93B /* Debug */ = {
			isa = XCBuildConfiguration;
			buildSettings = {
				ASSETCATALOG_COMPILER_APPICON_NAME = AppIcon;
				ASSETCATALOG_COMPILER_GLOBAL_ACCENT_COLOR_NAME = AccentColor;
				CODE_SIGN_STYLE = Automatic;
				CURRENT_PROJECT_VERSION = 1;
				DEVELOPMENT_TEAM = GLQQLN3R4U;
				ENABLE_TESTING_SEARCH_PATHS = YES;
				FRAMEWORK_SEARCH_PATHS = (
					"$(inherited)",
					"$(PROJECT_DIR)/DaumMap.embeddedframework",
					"$(PROJECT_DIR)/NearByApp/DaumMap.embeddedframework",
				);
				GENERATE_INFOPLIST_FILE = YES;
				INFOPLIST_FILE = NearByApp/Info.plist;
				INFOPLIST_KEY_UIApplicationSupportsIndirectInputEvents = YES;
				INFOPLIST_KEY_UILaunchStoryboardName = LaunchScreen;
				INFOPLIST_KEY_UISupportedInterfaceOrientations_iPad = "UIInterfaceOrientationPortrait UIInterfaceOrientationPortraitUpsideDown UIInterfaceOrientationLandscapeLeft UIInterfaceOrientationLandscapeRight";
				INFOPLIST_KEY_UISupportedInterfaceOrientations_iPhone = "UIInterfaceOrientationPortrait UIInterfaceOrientationLandscapeLeft UIInterfaceOrientationLandscapeRight";
				LD_RUNPATH_SEARCH_PATHS = (
					"$(inherited)",
					"@executable_path/Frameworks",
				);
				MARKETING_VERSION = 1.0;
				PRODUCT_BUNDLE_IDENTIFIER = "com.miori.dev-ios-mvvm.NearByApp";
				PRODUCT_NAME = "$(TARGET_NAME)";
				SWIFT_EMIT_LOC_STRINGS = YES;
				SWIFT_OBJC_BRIDGING_HEADER = /Users/miori/dev/dev_ios_mvvm/apply_mvvm/NearByApp/NearByApp/BridgingHeader.h;
				SWIFT_VERSION = 5.0;
				TARGETED_DEVICE_FAMILY = "1,2";
			};
			name = Debug;
		};
		3D7F8764279C4DAB009FD93B /* Release */ = {
			isa = XCBuildConfiguration;
			buildSettings = {
				ASSETCATALOG_COMPILER_APPICON_NAME = AppIcon;
				ASSETCATALOG_COMPILER_GLOBAL_ACCENT_COLOR_NAME = AccentColor;
				CODE_SIGN_STYLE = Automatic;
				CURRENT_PROJECT_VERSION = 1;
				DEVELOPMENT_TEAM = GLQQLN3R4U;
				ENABLE_TESTING_SEARCH_PATHS = YES;
				FRAMEWORK_SEARCH_PATHS = (
					"$(inherited)",
					"$(PROJECT_DIR)/DaumMap.embeddedframework",
					"$(PROJECT_DIR)/NearByApp/DaumMap.embeddedframework",
				);
				GENERATE_INFOPLIST_FILE = YES;
				INFOPLIST_FILE = NearByApp/Info.plist;
				INFOPLIST_KEY_UIApplicationSupportsIndirectInputEvents = YES;
				INFOPLIST_KEY_UILaunchStoryboardName = LaunchScreen;
				INFOPLIST_KEY_UISupportedInterfaceOrientations_iPad = "UIInterfaceOrientationPortrait UIInterfaceOrientationPortraitUpsideDown UIInterfaceOrientationLandscapeLeft UIInterfaceOrientationLandscapeRight";
				INFOPLIST_KEY_UISupportedInterfaceOrientations_iPhone = "UIInterfaceOrientationPortrait UIInterfaceOrientationLandscapeLeft UIInterfaceOrientationLandscapeRight";
				LD_RUNPATH_SEARCH_PATHS = (
					"$(inherited)",
					"@executable_path/Frameworks",
				);
				MARKETING_VERSION = 1.0;
				PRODUCT_BUNDLE_IDENTIFIER = "com.miori.dev-ios-mvvm.NearByApp";
				PRODUCT_NAME = "$(TARGET_NAME)";
				SWIFT_EMIT_LOC_STRINGS = YES;
				SWIFT_OBJC_BRIDGING_HEADER = /Users/miori/dev/dev_ios_mvvm/apply_mvvm/NearByApp/NearByApp/BridgingHeader.h;
				SWIFT_VERSION = 5.0;
				TARGETED_DEVICE_FAMILY = "1,2";
			};
			name = Release;
		};
		3D7F8766279C4DAB009FD93B /* Debug */ = {
			isa = XCBuildConfiguration;
			buildSettings = {
				ALWAYS_EMBED_SWIFT_STANDARD_LIBRARIES = YES;
				BUNDLE_LOADER = "$(TEST_HOST)";
				CODE_SIGN_STYLE = Automatic;
				CURRENT_PROJECT_VERSION = 1;
				DEVELOPMENT_TEAM = GLQQLN3R4U;
				GENERATE_INFOPLIST_FILE = YES;
				IPHONEOS_DEPLOYMENT_TARGET = 15.0;
				LD_RUNPATH_SEARCH_PATHS = (
					"$(inherited)",
					"@executable_path/Frameworks",
					"@loader_path/Frameworks",
				);
				MARKETING_VERSION = 1.0;
				PRODUCT_BUNDLE_IDENTIFIER = "com.miori.dev-ios-mvvm.NearByAppTests";
				PRODUCT_NAME = "$(TARGET_NAME)";
				SWIFT_EMIT_LOC_STRINGS = NO;
				SWIFT_VERSION = 5.0;
				TARGETED_DEVICE_FAMILY = "1,2";
				TEST_HOST = "$(BUILT_PRODUCTS_DIR)/NearByApp.app/NearByApp";
			};
			name = Debug;
		};
		3D7F8767279C4DAB009FD93B /* Release */ = {
			isa = XCBuildConfiguration;
			buildSettings = {
				ALWAYS_EMBED_SWIFT_STANDARD_LIBRARIES = YES;
				BUNDLE_LOADER = "$(TEST_HOST)";
				CODE_SIGN_STYLE = Automatic;
				CURRENT_PROJECT_VERSION = 1;
				DEVELOPMENT_TEAM = GLQQLN3R4U;
				GENERATE_INFOPLIST_FILE = YES;
				IPHONEOS_DEPLOYMENT_TARGET = 15.0;
				LD_RUNPATH_SEARCH_PATHS = (
					"$(inherited)",
					"@executable_path/Frameworks",
					"@loader_path/Frameworks",
				);
				MARKETING_VERSION = 1.0;
				PRODUCT_BUNDLE_IDENTIFIER = "com.miori.dev-ios-mvvm.NearByAppTests";
				PRODUCT_NAME = "$(TARGET_NAME)";
				SWIFT_EMIT_LOC_STRINGS = NO;
				SWIFT_VERSION = 5.0;
				TARGETED_DEVICE_FAMILY = "1,2";
				TEST_HOST = "$(BUILT_PRODUCTS_DIR)/NearByApp.app/NearByApp";
			};
			name = Release;
		};
		3D7F8769279C4DAB009FD93B /* Debug */ = {
			isa = XCBuildConfiguration;
			buildSettings = {
				ALWAYS_EMBED_SWIFT_STANDARD_LIBRARIES = YES;
				CODE_SIGN_STYLE = Automatic;
				CURRENT_PROJECT_VERSION = 1;
				DEVELOPMENT_TEAM = GLQQLN3R4U;
				GENERATE_INFOPLIST_FILE = YES;
				LD_RUNPATH_SEARCH_PATHS = (
					"$(inherited)",
					"@executable_path/Frameworks",
					"@loader_path/Frameworks",
				);
				MARKETING_VERSION = 1.0;
				PRODUCT_BUNDLE_IDENTIFIER = "com.miori.dev-ios-mvvm.NearByAppUITests";
				PRODUCT_NAME = "$(TARGET_NAME)";
				SWIFT_EMIT_LOC_STRINGS = NO;
				SWIFT_VERSION = 5.0;
				TARGETED_DEVICE_FAMILY = "1,2";
				TEST_TARGET_NAME = NearByApp;
			};
			name = Debug;
		};
		3D7F876A279C4DAB009FD93B /* Release */ = {
			isa = XCBuildConfiguration;
			buildSettings = {
				ALWAYS_EMBED_SWIFT_STANDARD_LIBRARIES = YES;
				CODE_SIGN_STYLE = Automatic;
				CURRENT_PROJECT_VERSION = 1;
				DEVELOPMENT_TEAM = GLQQLN3R4U;
				GENERATE_INFOPLIST_FILE = YES;
				LD_RUNPATH_SEARCH_PATHS = (
					"$(inherited)",
					"@executable_path/Frameworks",
					"@loader_path/Frameworks",
				);
				MARKETING_VERSION = 1.0;
				PRODUCT_BUNDLE_IDENTIFIER = "com.miori.dev-ios-mvvm.NearByAppUITests";
				PRODUCT_NAME = "$(TARGET_NAME)";
				SWIFT_EMIT_LOC_STRINGS = NO;
				SWIFT_VERSION = 5.0;
				TARGETED_DEVICE_FAMILY = "1,2";
				TEST_TARGET_NAME = NearByApp;
			};
			name = Release;
		};
/* End XCBuildConfiguration section */

/* Begin XCConfigurationList section */
		3D7F8733279C4DA9009FD93B /* Build configuration list for PBXProject "NearByApp" */ = {
			isa = XCConfigurationList;
			buildConfigurations = (
				3D7F8760279C4DAB009FD93B /* Debug */,
				3D7F8761279C4DAB009FD93B /* Release */,
			);
			defaultConfigurationIsVisible = 0;
			defaultConfigurationName = Release;
		};
		3D7F8762279C4DAB009FD93B /* Build configuration list for PBXNativeTarget "NearByApp" */ = {
			isa = XCConfigurationList;
			buildConfigurations = (
				3D7F8763279C4DAB009FD93B /* Debug */,
				3D7F8764279C4DAB009FD93B /* Release */,
			);
			defaultConfigurationIsVisible = 0;
			defaultConfigurationName = Release;
		};
		3D7F8765279C4DAB009FD93B /* Build configuration list for PBXNativeTarget "NearByAppTests" */ = {
			isa = XCConfigurationList;
			buildConfigurations = (
				3D7F8766279C4DAB009FD93B /* Debug */,
				3D7F8767279C4DAB009FD93B /* Release */,
			);
			defaultConfigurationIsVisible = 0;
			defaultConfigurationName = Release;
		};
		3D7F8768279C4DAB009FD93B /* Build configuration list for PBXNativeTarget "NearByAppUITests" */ = {
			isa = XCConfigurationList;
			buildConfigurations = (
				3D7F8769279C4DAB009FD93B /* Debug */,
				3D7F876A279C4DAB009FD93B /* Release */,
			);
			defaultConfigurationIsVisible = 0;
			defaultConfigurationName = Release;
		};
/* End XCConfigurationList section */

/* Begin XCRemoteSwiftPackageReference section */
		3D9A4A7D27A2448100DB2CA2 /* XCRemoteSwiftPackageReference "SnapKit" */ = {
			isa = XCRemoteSwiftPackageReference;
			repositoryURL = "https://github.com/SnapKit/SnapKit.git";
			requirement = {
				kind = upToNextMajorVersion;
				minimumVersion = 5.0.1;
			};
		};
		3D9A4A8B27A2B6BA00DB2CA2 /* XCRemoteSwiftPackageReference "RxSwift" */ = {
			isa = XCRemoteSwiftPackageReference;
			repositoryURL = "https://github.com/ReactiveX/RxSwift.git";
			requirement = {
				kind = exactVersion;
				version = 6.5.0;
			};
		};
/* End XCRemoteSwiftPackageReference section */

/* Begin XCSwiftPackageProductDependency section */
		3D9A4A7E27A2448100DB2CA2 /* SnapKit */ = {
			isa = XCSwiftPackageProductDependency;
			package = 3D9A4A7D27A2448100DB2CA2 /* XCRemoteSwiftPackageReference "SnapKit" */;
			productName = SnapKit;
		};
		3D9A4A8C27A2B6BA00DB2CA2 /* RxBlocking */ = {
			isa = XCSwiftPackageProductDependency;
			package = 3D9A4A8B27A2B6BA00DB2CA2 /* XCRemoteSwiftPackageReference "RxSwift" */;
			productName = RxBlocking;
		};
		3D9A4A8E27A2B6BA00DB2CA2 /* RxCocoa */ = {
			isa = XCSwiftPackageProductDependency;
			package = 3D9A4A8B27A2B6BA00DB2CA2 /* XCRemoteSwiftPackageReference "RxSwift" */;
			productName = RxCocoa;
		};
		3D9A4A9027A2B6BA00DB2CA2 /* RxRelay */ = {
			isa = XCSwiftPackageProductDependency;
			package = 3D9A4A8B27A2B6BA00DB2CA2 /* XCRemoteSwiftPackageReference "RxSwift" */;
			productName = RxRelay;
		};
		3D9A4A9227A2B6BA00DB2CA2 /* RxSwift */ = {
			isa = XCSwiftPackageProductDependency;
			package = 3D9A4A8B27A2B6BA00DB2CA2 /* XCRemoteSwiftPackageReference "RxSwift" */;
			productName = RxSwift;
		};
		3D9A4A9427A2B6BA00DB2CA2 /* RxTest */ = {
			isa = XCSwiftPackageProductDependency;
			package = 3D9A4A8B27A2B6BA00DB2CA2 /* XCRemoteSwiftPackageReference "RxSwift" */;
			productName = RxTest;
		};
/* End XCSwiftPackageProductDependency section */
	};
	rootObject = 3D7F8730279C4DA9009FD93B /* Project object */;
}
